// !$*UTF8*$!
{
	archiveVersion = 1;
	classes = {
	};
	objectVersion = 51;
	objects = {

/* Begin PBXBuildFile section */
		44ECB43024F7871F9C673E11 /* Pods_AugustaFramework.framework in Frameworks */ = {isa = PBXBuildFile; fileRef = D9071A38C2BFAEFDF9C66F0A /* Pods_AugustaFramework.framework */; };
		4DE1AFB8D611E4BC36B28ED3 /* Pods_TestAugustaFramework.framework in Frameworks */ = {isa = PBXBuildFile; fileRef = 69341955B99C783E23C5EC9B /* Pods_TestAugustaFramework.framework */; };
		56227F5B21088E9E00259F20 /* AUCacheeManager.swift in Sources */ = {isa = PBXBuildFile; fileRef = 56227F5A21088E9E00259F20 /* AUCacheeManager.swift */; };
		5681D0F122E5C59600955116 /* AUTextField.swift in Sources */ = {isa = PBXBuildFile; fileRef = 5681D0F022E5C59600955116 /* AUTextField.swift */; };
		56C4D5B322F027CF00FDD14E /* CalendarFlowLayout.swift in Sources */ = {isa = PBXBuildFile; fileRef = 56C4D5A922F027CE00FDD14E /* CalendarFlowLayout.swift */; };
		56C4D5B422F027CF00FDD14E /* CalendarHeaderView.swift in Sources */ = {isa = PBXBuildFile; fileRef = 56C4D5AA22F027CE00FDD14E /* CalendarHeaderView.swift */; };
		56C4D5B522F027CF00FDD14E /* CalendarView+Extensions.swift in Sources */ = {isa = PBXBuildFile; fileRef = 56C4D5AB22F027CE00FDD14E /* CalendarView+Extensions.swift */; };
		56C4D5B622F027CF00FDD14E /* CalendarDayCell.swift in Sources */ = {isa = PBXBuildFile; fileRef = 56C4D5AC22F027CE00FDD14E /* CalendarDayCell.swift */; };
		56C4D5B722F027CF00FDD14E /* WeekView+Extentions.swift in Sources */ = {isa = PBXBuildFile; fileRef = 56C4D5AD22F027CE00FDD14E /* WeekView+Extentions.swift */; };
		56C4D5B822F027CF00FDD14E /* EventsLoader.swift in Sources */ = {isa = PBXBuildFile; fileRef = 56C4D5AE22F027CE00FDD14E /* EventsLoader.swift */; };
		56C4D5B922F027CF00FDD14E /* CalendarView+Delegate.swift in Sources */ = {isa = PBXBuildFile; fileRef = 56C4D5AF22F027CE00FDD14E /* CalendarView+Delegate.swift */; };
		56C4D5BA22F027CF00FDD14E /* CalendarView+DataSource.swift in Sources */ = {isa = PBXBuildFile; fileRef = 56C4D5B022F027CE00FDD14E /* CalendarView+DataSource.swift */; };
		56C4D5BB22F027CF00FDD14E /* WeekView.swift in Sources */ = {isa = PBXBuildFile; fileRef = 56C4D5B122F027CE00FDD14E /* WeekView.swift */; };
		56C4D5BC22F027CF00FDD14E /* CalendarView.swift in Sources */ = {isa = PBXBuildFile; fileRef = 56C4D5B222F027CE00FDD14E /* CalendarView.swift */; };
		56E24C8D20FF1B1400FA1A80 /* AULoginValidation.swift in Sources */ = {isa = PBXBuildFile; fileRef = 56E24C8C20FF1B1400FA1A80 /* AULoginValidation.swift */; };
		9723328C22D84B2E00E379B6 /* AppDelegate.swift in Sources */ = {isa = PBXBuildFile; fileRef = 9723328B22D84B2E00E379B6 /* AppDelegate.swift */; };
		9723329122D84B2F00E379B6 /* Main.storyboard in Resources */ = {isa = PBXBuildFile; fileRef = 9723328F22D84B2E00E379B6 /* Main.storyboard */; };
		9723329322D84B3000E379B6 /* Assets.xcassets in Resources */ = {isa = PBXBuildFile; fileRef = 9723329222D84B3000E379B6 /* Assets.xcassets */; };
		9723329622D84B3000E379B6 /* LaunchScreen.storyboard in Resources */ = {isa = PBXBuildFile; fileRef = 9723329422D84B3000E379B6 /* LaunchScreen.storyboard */; };
		97318A7A22DC8F6400588605 /* AUBaseViewController.swift in Sources */ = {isa = PBXBuildFile; fileRef = 97318A7222DC4D9E00588605 /* AUBaseViewController.swift */; };
		97318A7B22DC8F8800588605 /* ViewController.swift in Sources */ = {isa = PBXBuildFile; fileRef = 9723328D22D84B2E00E379B6 /* ViewController.swift */; };
		9733907B22DDA6D800C9EBAF /* FirstViewController.swift in Sources */ = {isa = PBXBuildFile; fileRef = 9733907A22DDA6D800C9EBAF /* FirstViewController.swift */; };
		973467A322E02D2300BB02E2 /* AUListPicker.swift in Sources */ = {isa = PBXBuildFile; fileRef = 973467A222E02D2300BB02E2 /* AUListPicker.swift */; };
		973467A522E02D4200BB02E2 /* AUListPicker.xib in Resources */ = {isa = PBXBuildFile; fileRef = 973467A422E02D4100BB02E2 /* AUListPicker.xib */; };
		9739E7CE21119730004C58D0 /* AUBillingInfoView.xib in Resources */ = {isa = PBXBuildFile; fileRef = 9739E7CD21119730004C58D0 /* AUBillingInfoView.xib */; };
		9739E7D02111BFC7004C58D0 /* Assets.xcassets in Resources */ = {isa = PBXBuildFile; fileRef = 9739E7CF2111BFC7004C58D0 /* Assets.xcassets */; };
		973D22F32112EACC0095DD41 /* card@2x.png in Resources */ = {isa = PBXBuildFile; fileRef = 973D22DC2112EACB0095DD41 /* card@2x.png */; };
		973D22F42112EACC0095DD41 /* card@3x.png in Resources */ = {isa = PBXBuildFile; fileRef = 973D22DD2112EACB0095DD41 /* card@3x.png */; };
		973D22F52112EACC0095DD41 /* card_amex.png in Resources */ = {isa = PBXBuildFile; fileRef = 973D22DE2112EACB0095DD41 /* card_amex.png */; };
		973D22F62112EACC0095DD41 /* card_amex@2x.png in Resources */ = {isa = PBXBuildFile; fileRef = 973D22DF2112EACB0095DD41 /* card_amex@2x.png */; };
		973D22F72112EACC0095DD41 /* card_amex@3x.png in Resources */ = {isa = PBXBuildFile; fileRef = 973D22E02112EACB0095DD41 /* card_amex@3x.png */; };
		973D22F82112EACC0095DD41 /* card_diners.png in Resources */ = {isa = PBXBuildFile; fileRef = 973D22E12112EACB0095DD41 /* card_diners.png */; };
		973D22F92112EACC0095DD41 /* card_diners@2x.png in Resources */ = {isa = PBXBuildFile; fileRef = 973D22E22112EACB0095DD41 /* card_diners@2x.png */; };
		973D22FA2112EACC0095DD41 /* card_diners@3x.png in Resources */ = {isa = PBXBuildFile; fileRef = 973D22E32112EACB0095DD41 /* card_diners@3x.png */; };
		973D22FB2112EACC0095DD41 /* card_discover.png in Resources */ = {isa = PBXBuildFile; fileRef = 973D22E42112EACB0095DD41 /* card_discover.png */; };
		973D22FC2112EACC0095DD41 /* card_discover@2x.png in Resources */ = {isa = PBXBuildFile; fileRef = 973D22E52112EACB0095DD41 /* card_discover@2x.png */; };
		973D22FD2112EACC0095DD41 /* card_discover@3x.png in Resources */ = {isa = PBXBuildFile; fileRef = 973D22E62112EACB0095DD41 /* card_discover@3x.png */; };
		973D22FE2112EACC0095DD41 /* card_jcb.png in Resources */ = {isa = PBXBuildFile; fileRef = 973D22E72112EACB0095DD41 /* card_jcb.png */; };
		973D22FF2112EACC0095DD41 /* card_jcb@2x.png in Resources */ = {isa = PBXBuildFile; fileRef = 973D22E82112EACB0095DD41 /* card_jcb@2x.png */; };
		973D23002112EACC0095DD41 /* card_jcb@3x.png in Resources */ = {isa = PBXBuildFile; fileRef = 973D22E92112EACB0095DD41 /* card_jcb@3x.png */; };
		973D23012112EACC0095DD41 /* card_mastercard.png in Resources */ = {isa = PBXBuildFile; fileRef = 973D22EA2112EACB0095DD41 /* card_mastercard.png */; };
		973D23022112EACC0095DD41 /* card_mastercard@2x.png in Resources */ = {isa = PBXBuildFile; fileRef = 973D22EB2112EACB0095DD41 /* card_mastercard@2x.png */; };
		973D23032112EACC0095DD41 /* card_mastercard@3x.png in Resources */ = {isa = PBXBuildFile; fileRef = 973D22EC2112EACB0095DD41 /* card_mastercard@3x.png */; };
		973D23042112EACC0095DD41 /* card_unionpay.png in Resources */ = {isa = PBXBuildFile; fileRef = 973D22ED2112EACB0095DD41 /* card_unionpay.png */; };
		973D23052112EACC0095DD41 /* card_unionpay@2x.png in Resources */ = {isa = PBXBuildFile; fileRef = 973D22EE2112EACB0095DD41 /* card_unionpay@2x.png */; };
		973D23062112EACC0095DD41 /* card_unionpay@3x.png in Resources */ = {isa = PBXBuildFile; fileRef = 973D22EF2112EACB0095DD41 /* card_unionpay@3x.png */; };
		973D23072112EACC0095DD41 /* card_visa@2x.png in Resources */ = {isa = PBXBuildFile; fileRef = 973D22F02112EACB0095DD41 /* card_visa@2x.png */; };
		973D23082112EACC0095DD41 /* card_visa@3x.png in Resources */ = {isa = PBXBuildFile; fileRef = 973D22F12112EACB0095DD41 /* card_visa@3x.png */; };
		973D23092112EACC0095DD41 /* card_visa@4x.png in Resources */ = {isa = PBXBuildFile; fileRef = 973D22F22112EACB0095DD41 /* card_visa@4x.png */; };
		973D230B21131D900095DD41 /* AUMonthYearPickerView.swift in Sources */ = {isa = PBXBuildFile; fileRef = 973D230A21131D900095DD41 /* AUMonthYearPickerView.swift */; };
		973EA22F22D891150071CF7C /* AugustaFramework.framework in Frameworks */ = {isa = PBXBuildFile; fileRef = 97D6554320FF09DE0085DF71 /* AugustaFramework.framework */; };
		973EA23022D891150071CF7C /* AugustaFramework.framework in Embed Frameworks */ = {isa = PBXBuildFile; fileRef = 97D6554320FF09DE0085DF71 /* AugustaFramework.framework */; settings = {ATTRIBUTES = (CodeSignOnCopy, RemoveHeadersOnCopy, ); }; };
		974214A021107D63000A2937 /* AUBillingInfoManager.swift in Sources */ = {isa = PBXBuildFile; fileRef = 9742149F21107D63000A2937 /* AUBillingInfoManager.swift */; };
		9747AF6E21197B5900F339F8 /* AUPasswordFieldHelper.swift in Sources */ = {isa = PBXBuildFile; fileRef = 9747AF6C21197B5800F339F8 /* AUPasswordFieldHelper.swift */; };
		9747AF6F21197B5900F339F8 /* AUPasswordFieldHelper.xib in Resources */ = {isa = PBXBuildFile; fileRef = 9747AF6D21197B5800F339F8 /* AUPasswordFieldHelper.xib */; };
		9747AF8821197CB300F339F8 /* check_dot.png in Resources */ = {isa = PBXBuildFile; fileRef = 9747AF8221197CB000F339F8 /* check_dot.png */; };
		9747AF8921197CB300F339F8 /* check_dot@2x.png in Resources */ = {isa = PBXBuildFile; fileRef = 9747AF8321197CB000F339F8 /* check_dot@2x.png */; };
		9747AF8A21197CB300F339F8 /* check_tick@2x.png in Resources */ = {isa = PBXBuildFile; fileRef = 9747AF8421197CB100F339F8 /* check_tick@2x.png */; };
		9747AF8B21197CB300F339F8 /* check_tick.png in Resources */ = {isa = PBXBuildFile; fileRef = 9747AF8521197CB100F339F8 /* check_tick.png */; };
		9747AF8C21197CB300F339F8 /* check_dot@3x.png in Resources */ = {isa = PBXBuildFile; fileRef = 9747AF8621197CB200F339F8 /* check_dot@3x.png */; };
		9747AF8D21197CB300F339F8 /* check_tick@3x.png in Resources */ = {isa = PBXBuildFile; fileRef = 9747AF8721197CB200F339F8 /* check_tick@3x.png */; };
		9748B0272100A984006B9A63 /* AUSessionManager.swift in Sources */ = {isa = PBXBuildFile; fileRef = 9748B0262100A984006B9A63 /* AUSessionManager.swift */; };
		974C1D47210990DE008A44E8 /* AULoginView.swift in Sources */ = {isa = PBXBuildFile; fileRef = 974C1D46210990DE008A44E8 /* AULoginView.swift */; };
		974C1D49210990EC008A44E8 /* AULoginView.xib in Resources */ = {isa = PBXBuildFile; fileRef = 974C1D48210990EC008A44E8 /* AULoginView.xib */; };
		9759719D2101AAC000FE62C7 /* AUActivityIndicator.swift in Sources */ = {isa = PBXBuildFile; fileRef = 9759719C2101AAC000FE62C7 /* AUActivityIndicator.swift */; };
		975EFB5221143A4900334A53 /* AUUtilities.swift in Sources */ = {isa = PBXBuildFile; fileRef = 975EFB5121143A4900334A53 /* AUUtilities.swift */; };
		97D6554820FF09DE0085DF71 /* AugustaFramework.h in Headers */ = {isa = PBXBuildFile; fileRef = 97D6554620FF09DE0085DF71 /* AugustaFramework.h */; settings = {ATTRIBUTES = (Public, ); }; };
		97D6555020FF09EB0085DF71 /* AULogger.swift in Sources */ = {isa = PBXBuildFile; fileRef = 97D6554E20FF09EB0085DF71 /* AULogger.swift */; };
		97D6555120FF09EB0085DF71 /* AUWebService.swift in Sources */ = {isa = PBXBuildFile; fileRef = 97D6554F20FF09EB0085DF71 /* AUWebService.swift */; };
		97F6C62620FF4CA500541E29 /* Reachability.swift in Sources */ = {isa = PBXBuildFile; fileRef = 97F6C62520FF4CA500541E29 /* Reachability.swift */; };
		97F6C62820FF591600541E29 /* AUAlertController.swift in Sources */ = {isa = PBXBuildFile; fileRef = 97F6C62720FF591600541E29 /* AUAlertController.swift */; };
		97F703CF22E5CB1E00B30661 /* AUBillingInfoView.swift in Sources */ = {isa = PBXBuildFile; fileRef = 9739E7CB2111970C004C58D0 /* AUBillingInfoView.swift */; };
		97F703D022E5CB2500B30661 /* AUSocialLoginController.swift in Sources */ = {isa = PBXBuildFile; fileRef = 974634882107098400B6BCB0 /* AUSocialLoginController.swift */; };
/* End PBXBuildFile section */

/* Begin PBXContainerItemProxy section */
		973EA23122D891150071CF7C /* PBXContainerItemProxy */ = {
			isa = PBXContainerItemProxy;
			containerPortal = 97D6553A20FF09DE0085DF71 /* Project object */;
			proxyType = 1;
			remoteGlobalIDString = 97D6554220FF09DE0085DF71;
			remoteInfo = AugustaFramework;
		};
/* End PBXContainerItemProxy section */

/* Begin PBXCopyFilesBuildPhase section */
		973EA20422D8698D0071CF7C /* Embed PlugIns */ = {
			isa = PBXCopyFilesBuildPhase;
			buildActionMask = 2147483647;
			dstPath = "";
			dstSubfolderSpec = 13;
			files = (
			);
			name = "Embed PlugIns";
			runOnlyForDeploymentPostprocessing = 0;
		};
		973EA20922D86A080071CF7C /* Embed Frameworks */ = {
			isa = PBXCopyFilesBuildPhase;
			buildActionMask = 2147483647;
			dstPath = "";
			dstSubfolderSpec = 10;
			files = (
				973EA23022D891150071CF7C /* AugustaFramework.framework in Embed Frameworks */,
			);
			name = "Embed Frameworks";
			runOnlyForDeploymentPostprocessing = 0;
		};
/* End PBXCopyFilesBuildPhase section */

/* Begin PBXFileReference section */
		56227F5A21088E9E00259F20 /* AUCacheeManager.swift */ = {isa = PBXFileReference; lastKnownFileType = sourcecode.swift; path = AUCacheeManager.swift; sourceTree = "<group>"; };
		5681D0F022E5C59600955116 /* AUTextField.swift */ = {isa = PBXFileReference; lastKnownFileType = sourcecode.swift; path = AUTextField.swift; sourceTree = "<group>"; };
		56C4D5A922F027CE00FDD14E /* CalendarFlowLayout.swift */ = {isa = PBXFileReference; fileEncoding = 4; lastKnownFileType = sourcecode.swift; path = CalendarFlowLayout.swift; sourceTree = "<group>"; };
		56C4D5AA22F027CE00FDD14E /* CalendarHeaderView.swift */ = {isa = PBXFileReference; fileEncoding = 4; lastKnownFileType = sourcecode.swift; path = CalendarHeaderView.swift; sourceTree = "<group>"; };
		56C4D5AB22F027CE00FDD14E /* CalendarView+Extensions.swift */ = {isa = PBXFileReference; fileEncoding = 4; lastKnownFileType = sourcecode.swift; path = "CalendarView+Extensions.swift"; sourceTree = "<group>"; };
		56C4D5AC22F027CE00FDD14E /* CalendarDayCell.swift */ = {isa = PBXFileReference; fileEncoding = 4; lastKnownFileType = sourcecode.swift; path = CalendarDayCell.swift; sourceTree = "<group>"; };
		56C4D5AD22F027CE00FDD14E /* WeekView+Extentions.swift */ = {isa = PBXFileReference; fileEncoding = 4; lastKnownFileType = sourcecode.swift; path = "WeekView+Extentions.swift"; sourceTree = "<group>"; };
		56C4D5AE22F027CE00FDD14E /* EventsLoader.swift */ = {isa = PBXFileReference; fileEncoding = 4; lastKnownFileType = sourcecode.swift; path = EventsLoader.swift; sourceTree = "<group>"; };
		56C4D5AF22F027CE00FDD14E /* CalendarView+Delegate.swift */ = {isa = PBXFileReference; fileEncoding = 4; lastKnownFileType = sourcecode.swift; path = "CalendarView+Delegate.swift"; sourceTree = "<group>"; };
		56C4D5B022F027CE00FDD14E /* CalendarView+DataSource.swift */ = {isa = PBXFileReference; fileEncoding = 4; lastKnownFileType = sourcecode.swift; path = "CalendarView+DataSource.swift"; sourceTree = "<group>"; };
		56C4D5B122F027CE00FDD14E /* WeekView.swift */ = {isa = PBXFileReference; fileEncoding = 4; lastKnownFileType = sourcecode.swift; path = WeekView.swift; sourceTree = "<group>"; };
		56C4D5B222F027CE00FDD14E /* CalendarView.swift */ = {isa = PBXFileReference; fileEncoding = 4; lastKnownFileType = sourcecode.swift; path = CalendarView.swift; sourceTree = "<group>"; };
		56E24C8C20FF1B1400FA1A80 /* AULoginValidation.swift */ = {isa = PBXFileReference; lastKnownFileType = sourcecode.swift; path = AULoginValidation.swift; sourceTree = "<group>"; };
		69341955B99C783E23C5EC9B /* Pods_TestAugustaFramework.framework */ = {isa = PBXFileReference; explicitFileType = wrapper.framework; includeInIndex = 0; path = Pods_TestAugustaFramework.framework; sourceTree = BUILT_PRODUCTS_DIR; };
		78C35EEB6267DDFCE0796083 /* Pods-AugustaFramework.debug.xcconfig */ = {isa = PBXFileReference; includeInIndex = 1; lastKnownFileType = text.xcconfig; name = "Pods-AugustaFramework.debug.xcconfig"; path = "Target Support Files/Pods-AugustaFramework/Pods-AugustaFramework.debug.xcconfig"; sourceTree = "<group>"; };
		9723328922D84B2E00E379B6 /* TestAugustaFramework.app */ = {isa = PBXFileReference; explicitFileType = wrapper.application; includeInIndex = 0; path = TestAugustaFramework.app; sourceTree = BUILT_PRODUCTS_DIR; };
		9723328B22D84B2E00E379B6 /* AppDelegate.swift */ = {isa = PBXFileReference; lastKnownFileType = sourcecode.swift; path = AppDelegate.swift; sourceTree = "<group>"; };
		9723328D22D84B2E00E379B6 /* ViewController.swift */ = {isa = PBXFileReference; lastKnownFileType = sourcecode.swift; path = ViewController.swift; sourceTree = "<group>"; };
		9723329022D84B2F00E379B6 /* Base */ = {isa = PBXFileReference; lastKnownFileType = file.storyboard; name = Base; path = Base.lproj/Main.storyboard; sourceTree = "<group>"; };
		9723329222D84B3000E379B6 /* Assets.xcassets */ = {isa = PBXFileReference; lastKnownFileType = folder.assetcatalog; path = Assets.xcassets; sourceTree = "<group>"; };
		9723329522D84B3000E379B6 /* Base */ = {isa = PBXFileReference; lastKnownFileType = file.storyboard; name = Base; path = Base.lproj/LaunchScreen.storyboard; sourceTree = "<group>"; };
		9723329722D84B3000E379B6 /* Info.plist */ = {isa = PBXFileReference; lastKnownFileType = text.plist.xml; path = Info.plist; sourceTree = "<group>"; };
		97318A7222DC4D9E00588605 /* AUBaseViewController.swift */ = {isa = PBXFileReference; lastKnownFileType = sourcecode.swift; path = AUBaseViewController.swift; sourceTree = "<group>"; };
		9733907A22DDA6D800C9EBAF /* FirstViewController.swift */ = {isa = PBXFileReference; lastKnownFileType = sourcecode.swift; path = FirstViewController.swift; sourceTree = "<group>"; };
		973467A222E02D2300BB02E2 /* AUListPicker.swift */ = {isa = PBXFileReference; lastKnownFileType = sourcecode.swift; path = AUListPicker.swift; sourceTree = "<group>"; };
		973467A422E02D4100BB02E2 /* AUListPicker.xib */ = {isa = PBXFileReference; lastKnownFileType = file.xib; path = AUListPicker.xib; sourceTree = "<group>"; };
		9739E7CB2111970C004C58D0 /* AUBillingInfoView.swift */ = {isa = PBXFileReference; lastKnownFileType = sourcecode.swift; path = AUBillingInfoView.swift; sourceTree = "<group>"; };
		9739E7CD21119730004C58D0 /* AUBillingInfoView.xib */ = {isa = PBXFileReference; lastKnownFileType = file.xib; path = AUBillingInfoView.xib; sourceTree = "<group>"; };
		9739E7CF2111BFC7004C58D0 /* Assets.xcassets */ = {isa = PBXFileReference; lastKnownFileType = folder.assetcatalog; path = Assets.xcassets; sourceTree = "<group>"; };
		973D22DC2112EACB0095DD41 /* card@2x.png */ = {isa = PBXFileReference; lastKnownFileType = image.png; path = "card@2x.png"; sourceTree = "<group>"; };
		973D22DD2112EACB0095DD41 /* card@3x.png */ = {isa = PBXFileReference; lastKnownFileType = image.png; path = "card@3x.png"; sourceTree = "<group>"; };
		973D22DE2112EACB0095DD41 /* card_amex.png */ = {isa = PBXFileReference; lastKnownFileType = image.png; path = card_amex.png; sourceTree = "<group>"; };
		973D22DF2112EACB0095DD41 /* card_amex@2x.png */ = {isa = PBXFileReference; lastKnownFileType = image.png; path = "card_amex@2x.png"; sourceTree = "<group>"; };
		973D22E02112EACB0095DD41 /* card_amex@3x.png */ = {isa = PBXFileReference; lastKnownFileType = image.png; path = "card_amex@3x.png"; sourceTree = "<group>"; };
		973D22E12112EACB0095DD41 /* card_diners.png */ = {isa = PBXFileReference; lastKnownFileType = image.png; path = card_diners.png; sourceTree = "<group>"; };
		973D22E22112EACB0095DD41 /* card_diners@2x.png */ = {isa = PBXFileReference; lastKnownFileType = image.png; path = "card_diners@2x.png"; sourceTree = "<group>"; };
		973D22E32112EACB0095DD41 /* card_diners@3x.png */ = {isa = PBXFileReference; lastKnownFileType = image.png; path = "card_diners@3x.png"; sourceTree = "<group>"; };
		973D22E42112EACB0095DD41 /* card_discover.png */ = {isa = PBXFileReference; lastKnownFileType = image.png; path = card_discover.png; sourceTree = "<group>"; };
		973D22E52112EACB0095DD41 /* card_discover@2x.png */ = {isa = PBXFileReference; lastKnownFileType = image.png; path = "card_discover@2x.png"; sourceTree = "<group>"; };
		973D22E62112EACB0095DD41 /* card_discover@3x.png */ = {isa = PBXFileReference; lastKnownFileType = image.png; path = "card_discover@3x.png"; sourceTree = "<group>"; };
		973D22E72112EACB0095DD41 /* card_jcb.png */ = {isa = PBXFileReference; lastKnownFileType = image.png; path = card_jcb.png; sourceTree = "<group>"; };
		973D22E82112EACB0095DD41 /* card_jcb@2x.png */ = {isa = PBXFileReference; lastKnownFileType = image.png; path = "card_jcb@2x.png"; sourceTree = "<group>"; };
		973D22E92112EACB0095DD41 /* card_jcb@3x.png */ = {isa = PBXFileReference; lastKnownFileType = image.png; path = "card_jcb@3x.png"; sourceTree = "<group>"; };
		973D22EA2112EACB0095DD41 /* card_mastercard.png */ = {isa = PBXFileReference; lastKnownFileType = image.png; path = card_mastercard.png; sourceTree = "<group>"; };
		973D22EB2112EACB0095DD41 /* card_mastercard@2x.png */ = {isa = PBXFileReference; lastKnownFileType = image.png; path = "card_mastercard@2x.png"; sourceTree = "<group>"; };
		973D22EC2112EACB0095DD41 /* card_mastercard@3x.png */ = {isa = PBXFileReference; lastKnownFileType = image.png; path = "card_mastercard@3x.png"; sourceTree = "<group>"; };
		973D22ED2112EACB0095DD41 /* card_unionpay.png */ = {isa = PBXFileReference; lastKnownFileType = image.png; path = card_unionpay.png; sourceTree = "<group>"; };
		973D22EE2112EACB0095DD41 /* card_unionpay@2x.png */ = {isa = PBXFileReference; lastKnownFileType = image.png; path = "card_unionpay@2x.png"; sourceTree = "<group>"; };
		973D22EF2112EACB0095DD41 /* card_unionpay@3x.png */ = {isa = PBXFileReference; lastKnownFileType = image.png; path = "card_unionpay@3x.png"; sourceTree = "<group>"; };
		973D22F02112EACB0095DD41 /* card_visa@2x.png */ = {isa = PBXFileReference; lastKnownFileType = image.png; path = "card_visa@2x.png"; sourceTree = "<group>"; };
		973D22F12112EACB0095DD41 /* card_visa@3x.png */ = {isa = PBXFileReference; lastKnownFileType = image.png; path = "card_visa@3x.png"; sourceTree = "<group>"; };
		973D22F22112EACB0095DD41 /* card_visa@4x.png */ = {isa = PBXFileReference; lastKnownFileType = image.png; path = "card_visa@4x.png"; sourceTree = "<group>"; };
		973D230A21131D900095DD41 /* AUMonthYearPickerView.swift */ = {isa = PBXFileReference; fileEncoding = 4; lastKnownFileType = sourcecode.swift; path = AUMonthYearPickerView.swift; sourceTree = "<group>"; };
		9742149F21107D63000A2937 /* AUBillingInfoManager.swift */ = {isa = PBXFileReference; lastKnownFileType = sourcecode.swift; path = AUBillingInfoManager.swift; sourceTree = "<group>"; };
		974634882107098400B6BCB0 /* AUSocialLoginController.swift */ = {isa = PBXFileReference; lastKnownFileType = sourcecode.swift; path = AUSocialLoginController.swift; sourceTree = "<group>"; };
		9747AF6C21197B5800F339F8 /* AUPasswordFieldHelper.swift */ = {isa = PBXFileReference; fileEncoding = 4; lastKnownFileType = sourcecode.swift; path = AUPasswordFieldHelper.swift; sourceTree = "<group>"; };
		9747AF6D21197B5800F339F8 /* AUPasswordFieldHelper.xib */ = {isa = PBXFileReference; fileEncoding = 4; lastKnownFileType = file.xib; path = AUPasswordFieldHelper.xib; sourceTree = "<group>"; };
		9747AF8221197CB000F339F8 /* check_dot.png */ = {isa = PBXFileReference; lastKnownFileType = image.png; path = check_dot.png; sourceTree = "<group>"; };
		9747AF8321197CB000F339F8 /* check_dot@2x.png */ = {isa = PBXFileReference; lastKnownFileType = image.png; path = "check_dot@2x.png"; sourceTree = "<group>"; };
		9747AF8421197CB100F339F8 /* check_tick@2x.png */ = {isa = PBXFileReference; lastKnownFileType = image.png; path = "check_tick@2x.png"; sourceTree = "<group>"; };
		9747AF8521197CB100F339F8 /* check_tick.png */ = {isa = PBXFileReference; lastKnownFileType = image.png; path = check_tick.png; sourceTree = "<group>"; };
		9747AF8621197CB200F339F8 /* check_dot@3x.png */ = {isa = PBXFileReference; lastKnownFileType = image.png; path = "check_dot@3x.png"; sourceTree = "<group>"; };
		9747AF8721197CB200F339F8 /* check_tick@3x.png */ = {isa = PBXFileReference; lastKnownFileType = image.png; path = "check_tick@3x.png"; sourceTree = "<group>"; };
		9748B0262100A984006B9A63 /* AUSessionManager.swift */ = {isa = PBXFileReference; lastKnownFileType = sourcecode.swift; path = AUSessionManager.swift; sourceTree = "<group>"; };
		974C1D46210990DE008A44E8 /* AULoginView.swift */ = {isa = PBXFileReference; lastKnownFileType = sourcecode.swift; path = AULoginView.swift; sourceTree = "<group>"; };
		974C1D48210990EC008A44E8 /* AULoginView.xib */ = {isa = PBXFileReference; lastKnownFileType = file.xib; path = AULoginView.xib; sourceTree = "<group>"; };
		9759719C2101AAC000FE62C7 /* AUActivityIndicator.swift */ = {isa = PBXFileReference; lastKnownFileType = sourcecode.swift; path = AUActivityIndicator.swift; sourceTree = "<group>"; };
		975EFB5121143A4900334A53 /* AUUtilities.swift */ = {isa = PBXFileReference; lastKnownFileType = sourcecode.swift; name = AUUtilities.swift; path = AugustaFramework/AUUtilities.swift; sourceTree = SOURCE_ROOT; };
		97D6554320FF09DE0085DF71 /* AugustaFramework.framework */ = {isa = PBXFileReference; explicitFileType = wrapper.framework; includeInIndex = 0; path = AugustaFramework.framework; sourceTree = BUILT_PRODUCTS_DIR; };
		97D6554620FF09DE0085DF71 /* AugustaFramework.h */ = {isa = PBXFileReference; lastKnownFileType = sourcecode.c.h; path = AugustaFramework.h; sourceTree = "<group>"; };
		97D6554720FF09DE0085DF71 /* Info.plist */ = {isa = PBXFileReference; lastKnownFileType = text.plist.xml; path = Info.plist; sourceTree = "<group>"; };
		97D6554E20FF09EB0085DF71 /* AULogger.swift */ = {isa = PBXFileReference; fileEncoding = 4; lastKnownFileType = sourcecode.swift; path = AULogger.swift; sourceTree = "<group>"; };
		97D6554F20FF09EB0085DF71 /* AUWebService.swift */ = {isa = PBXFileReference; fileEncoding = 4; lastKnownFileType = sourcecode.swift; path = AUWebService.swift; sourceTree = "<group>"; };
		97F6C62520FF4CA500541E29 /* Reachability.swift */ = {isa = PBXFileReference; fileEncoding = 4; lastKnownFileType = sourcecode.swift; path = Reachability.swift; sourceTree = "<group>"; };
		97F6C62720FF591600541E29 /* AUAlertController.swift */ = {isa = PBXFileReference; lastKnownFileType = sourcecode.swift; path = AUAlertController.swift; sourceTree = "<group>"; };
		99A393B64855B1109B888D00 /* Pods-TestAugustaFramework.debug.xcconfig */ = {isa = PBXFileReference; includeInIndex = 1; lastKnownFileType = text.xcconfig; name = "Pods-TestAugustaFramework.debug.xcconfig"; path = "Target Support Files/Pods-TestAugustaFramework/Pods-TestAugustaFramework.debug.xcconfig"; sourceTree = "<group>"; };
		9B7F54BDEDCC11C240B1D5E8 /* Pods-AugustaFramework.release.xcconfig */ = {isa = PBXFileReference; includeInIndex = 1; lastKnownFileType = text.xcconfig; name = "Pods-AugustaFramework.release.xcconfig"; path = "Target Support Files/Pods-AugustaFramework/Pods-AugustaFramework.release.xcconfig"; sourceTree = "<group>"; };
		BC0FED51E94E3F6A5F4DB4F0 /* Pods-TestAugustaFramework.release.xcconfig */ = {isa = PBXFileReference; includeInIndex = 1; lastKnownFileType = text.xcconfig; name = "Pods-TestAugustaFramework.release.xcconfig"; path = "Target Support Files/Pods-TestAugustaFramework/Pods-TestAugustaFramework.release.xcconfig"; sourceTree = "<group>"; };
		D9071A38C2BFAEFDF9C66F0A /* Pods_AugustaFramework.framework */ = {isa = PBXFileReference; explicitFileType = wrapper.framework; includeInIndex = 0; path = Pods_AugustaFramework.framework; sourceTree = BUILT_PRODUCTS_DIR; };
/* End PBXFileReference section */

/* Begin PBXFrameworksBuildPhase section */
		9723328622D84B2E00E379B6 /* Frameworks */ = {
			isa = PBXFrameworksBuildPhase;
			buildActionMask = 2147483647;
			files = (
				973EA22F22D891150071CF7C /* AugustaFramework.framework in Frameworks */,
				4DE1AFB8D611E4BC36B28ED3 /* Pods_TestAugustaFramework.framework in Frameworks */,
			);
			runOnlyForDeploymentPostprocessing = 0;
		};
		97D6553F20FF09DE0085DF71 /* Frameworks */ = {
			isa = PBXFrameworksBuildPhase;
			buildActionMask = 2147483647;
			files = (
				44ECB43024F7871F9C673E11 /* Pods_AugustaFramework.framework in Frameworks */,
			);
			runOnlyForDeploymentPostprocessing = 0;
		};
/* End PBXFrameworksBuildPhase section */

/* Begin PBXGroup section */
		56C4D5A822F027CE00FDD14E /* CustomCalendar */ = {
			isa = PBXGroup;
			children = (
				56C4D5A922F027CE00FDD14E /* CalendarFlowLayout.swift */,
				56C4D5AA22F027CE00FDD14E /* CalendarHeaderView.swift */,
				56C4D5AB22F027CE00FDD14E /* CalendarView+Extensions.swift */,
				56C4D5AC22F027CE00FDD14E /* CalendarDayCell.swift */,
				56C4D5AD22F027CE00FDD14E /* WeekView+Extentions.swift */,
				56C4D5AE22F027CE00FDD14E /* EventsLoader.swift */,
				56C4D5AF22F027CE00FDD14E /* CalendarView+Delegate.swift */,
				56C4D5B022F027CE00FDD14E /* CalendarView+DataSource.swift */,
				56C4D5B122F027CE00FDD14E /* WeekView.swift */,
				56C4D5B222F027CE00FDD14E /* CalendarView.swift */,
			);
			path = CustomCalendar;
			sourceTree = "<group>";
		};
		9723328A22D84B2E00E379B6 /* TestAugustaFramework */ = {
			isa = PBXGroup;
			children = (
				9723328B22D84B2E00E379B6 /* AppDelegate.swift */,
				9723328D22D84B2E00E379B6 /* ViewController.swift */,
				9723328F22D84B2E00E379B6 /* Main.storyboard */,
				9723329222D84B3000E379B6 /* Assets.xcassets */,
				9723329422D84B3000E379B6 /* LaunchScreen.storyboard */,
				9723329722D84B3000E379B6 /* Info.plist */,
				9733907A22DDA6D800C9EBAF /* FirstViewController.swift */,
			);
			path = TestAugustaFramework;
			sourceTree = "<group>";
		};
		973D22DB2112EACB0095DD41 /* Resources */ = {
			isa = PBXGroup;
			children = (
				9747AF8221197CB000F339F8 /* check_dot.png */,
				9747AF8321197CB000F339F8 /* check_dot@2x.png */,
				9747AF8621197CB200F339F8 /* check_dot@3x.png */,
				9747AF8521197CB100F339F8 /* check_tick.png */,
				9747AF8421197CB100F339F8 /* check_tick@2x.png */,
				9747AF8721197CB200F339F8 /* check_tick@3x.png */,
				973D22DC2112EACB0095DD41 /* card@2x.png */,
				973D22DD2112EACB0095DD41 /* card@3x.png */,
				973D22DE2112EACB0095DD41 /* card_amex.png */,
				973D22DF2112EACB0095DD41 /* card_amex@2x.png */,
				973D22E02112EACB0095DD41 /* card_amex@3x.png */,
				973D22E12112EACB0095DD41 /* card_diners.png */,
				973D22E22112EACB0095DD41 /* card_diners@2x.png */,
				973D22E32112EACB0095DD41 /* card_diners@3x.png */,
				973D22E42112EACB0095DD41 /* card_discover.png */,
				973D22E52112EACB0095DD41 /* card_discover@2x.png */,
				973D22E62112EACB0095DD41 /* card_discover@3x.png */,
				973D22E72112EACB0095DD41 /* card_jcb.png */,
				973D22E82112EACB0095DD41 /* card_jcb@2x.png */,
				973D22E92112EACB0095DD41 /* card_jcb@3x.png */,
				973D22EA2112EACB0095DD41 /* card_mastercard.png */,
				973D22EB2112EACB0095DD41 /* card_mastercard@2x.png */,
				973D22EC2112EACB0095DD41 /* card_mastercard@3x.png */,
				973D22ED2112EACB0095DD41 /* card_unionpay.png */,
				973D22EE2112EACB0095DD41 /* card_unionpay@2x.png */,
				973D22EF2112EACB0095DD41 /* card_unionpay@3x.png */,
				973D22F02112EACB0095DD41 /* card_visa@2x.png */,
				973D22F12112EACB0095DD41 /* card_visa@3x.png */,
				973D22F22112EACB0095DD41 /* card_visa@4x.png */,
			);
			path = Resources;
			sourceTree = "<group>";
		};
		974968A62108477800CCC1BA /* Views */ = {
			isa = PBXGroup;
			children = (
				974C1D46210990DE008A44E8 /* AULoginView.swift */,
				974C1D48210990EC008A44E8 /* AULoginView.xib */,
				9739E7CB2111970C004C58D0 /* AUBillingInfoView.swift */,
				9739E7CD21119730004C58D0 /* AUBillingInfoView.xib */,
				973D230A21131D900095DD41 /* AUMonthYearPickerView.swift */,
				9747AF6C21197B5800F339F8 /* AUPasswordFieldHelper.swift */,
				9747AF6D21197B5800F339F8 /* AUPasswordFieldHelper.xib */,
				973467A222E02D2300BB02E2 /* AUListPicker.swift */,
				973467A422E02D4100BB02E2 /* AUListPicker.xib */,
			);
			path = Views;
			sourceTree = "<group>";
		};
		97D6553920FF09DE0085DF71 = {
			isa = PBXGroup;
			children = (
				97D6554520FF09DE0085DF71 /* AugustaFramework */,
				9723328A22D84B2E00E379B6 /* TestAugustaFramework */,
				97D6554420FF09DE0085DF71 /* Products */,
				D876C9D7BCAB57E5180E2C4E /* Pods */,
				9E0B98FE323503CB43423FEC /* Frameworks */,
			);
			sourceTree = "<group>";
		};
		97D6554420FF09DE0085DF71 /* Products */ = {
			isa = PBXGroup;
			children = (
				97D6554320FF09DE0085DF71 /* AugustaFramework.framework */,
				9723328922D84B2E00E379B6 /* TestAugustaFramework.app */,
			);
			name = Products;
			sourceTree = "<group>";
		};
		97D6554520FF09DE0085DF71 /* AugustaFramework */ = {
			isa = PBXGroup;
			children = (
				56C4D5A822F027CE00FDD14E /* CustomCalendar */,
				974968A62108477800CCC1BA /* Views */,
				97D6554620FF09DE0085DF71 /* AugustaFramework.h */,
				975EFB5121143A4900334A53 /* AUUtilities.swift */,
				56E24C8C20FF1B1400FA1A80 /* AULoginValidation.swift */,
				97D6554E20FF09EB0085DF71 /* AULogger.swift */,
				97D6554F20FF09EB0085DF71 /* AUWebService.swift */,
				56227F5A21088E9E00259F20 /* AUCacheeManager.swift */,
				9748B0262100A984006B9A63 /* AUSessionManager.swift */,
				9759719C2101AAC000FE62C7 /* AUActivityIndicator.swift */,
				97F6C62720FF591600541E29 /* AUAlertController.swift */,
				974634882107098400B6BCB0 /* AUSocialLoginController.swift */,
				5681D0F022E5C59600955116 /* AUTextField.swift */,
				97F6C62520FF4CA500541E29 /* Reachability.swift */,
				97D6554720FF09DE0085DF71 /* Info.plist */,
				9742149F21107D63000A2937 /* AUBillingInfoManager.swift */,
				97318A7222DC4D9E00588605 /* AUBaseViewController.swift */,
				9739E7CF2111BFC7004C58D0 /* Assets.xcassets */,
				973D22DB2112EACB0095DD41 /* Resources */,
			);
			path = AugustaFramework;
			sourceTree = "<group>";
		};
		9E0B98FE323503CB43423FEC /* Frameworks */ = {
			isa = PBXGroup;
			children = (
				D9071A38C2BFAEFDF9C66F0A /* Pods_AugustaFramework.framework */,
				69341955B99C783E23C5EC9B /* Pods_TestAugustaFramework.framework */,
			);
			name = Frameworks;
			sourceTree = "<group>";
		};
		D876C9D7BCAB57E5180E2C4E /* Pods */ = {
			isa = PBXGroup;
			children = (
				78C35EEB6267DDFCE0796083 /* Pods-AugustaFramework.debug.xcconfig */,
				9B7F54BDEDCC11C240B1D5E8 /* Pods-AugustaFramework.release.xcconfig */,
				99A393B64855B1109B888D00 /* Pods-TestAugustaFramework.debug.xcconfig */,
				BC0FED51E94E3F6A5F4DB4F0 /* Pods-TestAugustaFramework.release.xcconfig */,
			);
			path = Pods;
			sourceTree = "<group>";
		};
/* End PBXGroup section */

/* Begin PBXHeadersBuildPhase section */
		97D6554020FF09DE0085DF71 /* Headers */ = {
			isa = PBXHeadersBuildPhase;
			buildActionMask = 2147483647;
			files = (
				97D6554820FF09DE0085DF71 /* AugustaFramework.h in Headers */,
			);
			runOnlyForDeploymentPostprocessing = 0;
		};
/* End PBXHeadersBuildPhase section */

/* Begin PBXNativeTarget section */
		9723328822D84B2E00E379B6 /* TestAugustaFramework */ = {
			isa = PBXNativeTarget;
			buildConfigurationList = 9723329A22D84B3000E379B6 /* Build configuration list for PBXNativeTarget "TestAugustaFramework" */;
			buildPhases = (
				4B070BF79E30632EF0F28312 /* [CP] Check Pods Manifest.lock */,
				9723328522D84B2E00E379B6 /* Sources */,
				9723328622D84B2E00E379B6 /* Frameworks */,
				9723328722D84B2E00E379B6 /* Resources */,
				973EA20422D8698D0071CF7C /* Embed PlugIns */,
				973EA20922D86A080071CF7C /* Embed Frameworks */,
				0B1642DBAF9D31DCEFD0CB1D /* [CP] Embed Pods Frameworks */,
				BF45219270486980C6C68FD6 /* [CP] Copy Pods Resources */,
			);
			buildRules = (
			);
			dependencies = (
				973EA23222D891150071CF7C /* PBXTargetDependency */,
			);
			name = TestAugustaFramework;
			productName = TestAugustaFramework;
			productReference = 9723328922D84B2E00E379B6 /* TestAugustaFramework.app */;
			productType = "com.apple.product-type.application";
		};
		97D6554220FF09DE0085DF71 /* AugustaFramework */ = {
			isa = PBXNativeTarget;
			buildConfigurationList = 97D6554B20FF09DE0085DF71 /* Build configuration list for PBXNativeTarget "AugustaFramework" */;
			buildPhases = (
				2063F8DCFE0E936B5DADEB4F /* [CP] Check Pods Manifest.lock */,
				97D6553E20FF09DE0085DF71 /* Sources */,
				97D6553F20FF09DE0085DF71 /* Frameworks */,
				97D6554020FF09DE0085DF71 /* Headers */,
				97D6554120FF09DE0085DF71 /* Resources */,
				BB1748B91C08C02BC7B2FD35 /* [CP] Copy Pods Resources */,
			);
			buildRules = (
			);
			dependencies = (
			);
			name = AugustaFramework;
			productName = AugustaFramework;
			productReference = 97D6554320FF09DE0085DF71 /* AugustaFramework.framework */;
			productType = "com.apple.product-type.framework";
		};
/* End PBXNativeTarget section */

/* Begin PBXProject section */
		97D6553A20FF09DE0085DF71 /* Project object */ = {
			isa = PBXProject;
			attributes = {
				LastSwiftUpdateCheck = 1020;
				LastUpgradeCheck = 0940;
				ORGANIZATIONNAME = augusta;
				TargetAttributes = {
					9723328822D84B2E00E379B6 = {
						CreatedOnToolsVersion = 10.2;
					};
					97D6554220FF09DE0085DF71 = {
						CreatedOnToolsVersion = 9.4;
						LastSwiftMigration = 0940;
					};
				};
			};
			buildConfigurationList = 97D6553D20FF09DE0085DF71 /* Build configuration list for PBXProject "AugustaFramework" */;
			compatibilityVersion = "Xcode 9.3";
			developmentRegion = en;
			hasScannedForEncodings = 0;
			knownRegions = (
				en,
				Base,
			);
			mainGroup = 97D6553920FF09DE0085DF71;
			productRefGroup = 97D6554420FF09DE0085DF71 /* Products */;
			projectDirPath = "";
			projectRoot = "";
			targets = (
				97D6554220FF09DE0085DF71 /* AugustaFramework */,
				9723328822D84B2E00E379B6 /* TestAugustaFramework */,
			);
		};
/* End PBXProject section */

/* Begin PBXResourcesBuildPhase section */
		9723328722D84B2E00E379B6 /* Resources */ = {
			isa = PBXResourcesBuildPhase;
			buildActionMask = 2147483647;
			files = (
				9723329622D84B3000E379B6 /* LaunchScreen.storyboard in Resources */,
				9723329322D84B3000E379B6 /* Assets.xcassets in Resources */,
				9723329122D84B2F00E379B6 /* Main.storyboard in Resources */,
			);
			runOnlyForDeploymentPostprocessing = 0;
		};
		97D6554120FF09DE0085DF71 /* Resources */ = {
			isa = PBXResourcesBuildPhase;
			buildActionMask = 2147483647;
			files = (
				973D22F52112EACC0095DD41 /* card_amex.png in Resources */,
				973467A522E02D4200BB02E2 /* AUListPicker.xib in Resources */,
				973D22F92112EACC0095DD41 /* card_diners@2x.png in Resources */,
				973D23052112EACC0095DD41 /* card_unionpay@2x.png in Resources */,
				973D23072112EACC0095DD41 /* card_visa@2x.png in Resources */,
				973D22FA2112EACC0095DD41 /* card_diners@3x.png in Resources */,
				9747AF8D21197CB300F339F8 /* check_tick@3x.png in Resources */,
				973D22F62112EACC0095DD41 /* card_amex@2x.png in Resources */,
				973D22F32112EACC0095DD41 /* card@2x.png in Resources */,
				9739E7CE21119730004C58D0 /* AUBillingInfoView.xib in Resources */,
				9739E7D02111BFC7004C58D0 /* Assets.xcassets in Resources */,
				973D22FE2112EACC0095DD41 /* card_jcb.png in Resources */,
				973D22FC2112EACC0095DD41 /* card_discover@2x.png in Resources */,
				974C1D49210990EC008A44E8 /* AULoginView.xib in Resources */,
				9747AF8821197CB300F339F8 /* check_dot.png in Resources */,
				973D23022112EACC0095DD41 /* card_mastercard@2x.png in Resources */,
				9747AF8A21197CB300F339F8 /* check_tick@2x.png in Resources */,
				973D22F42112EACC0095DD41 /* card@3x.png in Resources */,
				973D23062112EACC0095DD41 /* card_unionpay@3x.png in Resources */,
				9747AF8921197CB300F339F8 /* check_dot@2x.png in Resources */,
				9747AF8C21197CB300F339F8 /* check_dot@3x.png in Resources */,
				973D22F82112EACC0095DD41 /* card_diners.png in Resources */,
				9747AF8B21197CB300F339F8 /* check_tick.png in Resources */,
				973D23002112EACC0095DD41 /* card_jcb@3x.png in Resources */,
				973D23032112EACC0095DD41 /* card_mastercard@3x.png in Resources */,
				973D22FF2112EACC0095DD41 /* card_jcb@2x.png in Resources */,
				973D23012112EACC0095DD41 /* card_mastercard.png in Resources */,
				973D23042112EACC0095DD41 /* card_unionpay.png in Resources */,
				973D23082112EACC0095DD41 /* card_visa@3x.png in Resources */,
				973D22FB2112EACC0095DD41 /* card_discover.png in Resources */,
				973D22F72112EACC0095DD41 /* card_amex@3x.png in Resources */,
				973D22FD2112EACC0095DD41 /* card_discover@3x.png in Resources */,
				9747AF6F21197B5900F339F8 /* AUPasswordFieldHelper.xib in Resources */,
				973D23092112EACC0095DD41 /* card_visa@4x.png in Resources */,
			);
			runOnlyForDeploymentPostprocessing = 0;
		};
/* End PBXResourcesBuildPhase section */

/* Begin PBXShellScriptBuildPhase section */
		0B1642DBAF9D31DCEFD0CB1D /* [CP] Embed Pods Frameworks */ = {
			isa = PBXShellScriptBuildPhase;
			buildActionMask = 2147483647;
			files = (
			);
			inputFileListPaths = (
				"${PODS_ROOT}/Target Support Files/Pods-TestAugustaFramework/Pods-TestAugustaFramework-frameworks-${CONFIGURATION}-input-files.xcfilelist",
			);
			name = "[CP] Embed Pods Frameworks";
			outputFileListPaths = (
				"${PODS_ROOT}/Target Support Files/Pods-TestAugustaFramework/Pods-TestAugustaFramework-frameworks-${CONFIGURATION}-output-files.xcfilelist",
			);
			runOnlyForDeploymentPostprocessing = 0;
			shellPath = /bin/sh;
			shellScript = "\"${PODS_ROOT}/Target Support Files/Pods-TestAugustaFramework/Pods-TestAugustaFramework-frameworks.sh\"\n";
			showEnvVarsInLog = 0;
		};
		2063F8DCFE0E936B5DADEB4F /* [CP] Check Pods Manifest.lock */ = {
			isa = PBXShellScriptBuildPhase;
			buildActionMask = 2147483647;
			files = (
			);
			inputFileListPaths = (
			);
			inputPaths = (
				"${PODS_PODFILE_DIR_PATH}/Podfile.lock",
				"${PODS_ROOT}/Manifest.lock",
			);
			name = "[CP] Check Pods Manifest.lock";
			outputFileListPaths = (
			);
			outputPaths = (
				"$(DERIVED_FILE_DIR)/Pods-AugustaFramework-checkManifestLockResult.txt",
			);
			runOnlyForDeploymentPostprocessing = 0;
			shellPath = /bin/sh;
			shellScript = "diff \"${PODS_PODFILE_DIR_PATH}/Podfile.lock\" \"${PODS_ROOT}/Manifest.lock\" > /dev/null\nif [ $? != 0 ] ; then\n    # print error to STDERR\n    echo \"error: The sandbox is not in sync with the Podfile.lock. Run 'pod install' or update your CocoaPods installation.\" >&2\n    exit 1\nfi\n# This output is used by Xcode 'outputs' to avoid re-running this script phase.\necho \"SUCCESS\" > \"${SCRIPT_OUTPUT_FILE_0}\"\n";
			showEnvVarsInLog = 0;
		};
		4B070BF79E30632EF0F28312 /* [CP] Check Pods Manifest.lock */ = {
			isa = PBXShellScriptBuildPhase;
			buildActionMask = 2147483647;
			files = (
			);
			inputFileListPaths = (
			);
			inputPaths = (
				"${PODS_PODFILE_DIR_PATH}/Podfile.lock",
				"${PODS_ROOT}/Manifest.lock",
			);
			name = "[CP] Check Pods Manifest.lock";
			outputFileListPaths = (
			);
			outputPaths = (
				"$(DERIVED_FILE_DIR)/Pods-TestAugustaFramework-checkManifestLockResult.txt",
			);
			runOnlyForDeploymentPostprocessing = 0;
			shellPath = /bin/sh;
			shellScript = "diff \"${PODS_PODFILE_DIR_PATH}/Podfile.lock\" \"${PODS_ROOT}/Manifest.lock\" > /dev/null\nif [ $? != 0 ] ; then\n    # print error to STDERR\n    echo \"error: The sandbox is not in sync with the Podfile.lock. Run 'pod install' or update your CocoaPods installation.\" >&2\n    exit 1\nfi\n# This output is used by Xcode 'outputs' to avoid re-running this script phase.\necho \"SUCCESS\" > \"${SCRIPT_OUTPUT_FILE_0}\"\n";
			showEnvVarsInLog = 0;
		};
		BB1748B91C08C02BC7B2FD35 /* [CP] Copy Pods Resources */ = {
			isa = PBXShellScriptBuildPhase;
			buildActionMask = 2147483647;
			files = (
			);
			inputFileListPaths = (
				"${PODS_ROOT}/Target Support Files/Pods-AugustaFramework/Pods-AugustaFramework-resources-${CONFIGURATION}-input-files.xcfilelist",
			);
			name = "[CP] Copy Pods Resources";
			outputFileListPaths = (
				"${PODS_ROOT}/Target Support Files/Pods-AugustaFramework/Pods-AugustaFramework-resources-${CONFIGURATION}-output-files.xcfilelist",
			);
			runOnlyForDeploymentPostprocessing = 0;
			shellPath = /bin/sh;
			shellScript = "\"${PODS_ROOT}/Target Support Files/Pods-AugustaFramework/Pods-AugustaFramework-resources.sh\"\n";
			showEnvVarsInLog = 0;
		};
		BF45219270486980C6C68FD6 /* [CP] Copy Pods Resources */ = {
			isa = PBXShellScriptBuildPhase;
			buildActionMask = 2147483647;
			files = (
			);
			inputFileListPaths = (
				"${PODS_ROOT}/Target Support Files/Pods-TestAugustaFramework/Pods-TestAugustaFramework-resources-${CONFIGURATION}-input-files.xcfilelist",
			);
			name = "[CP] Copy Pods Resources";
			outputFileListPaths = (
				"${PODS_ROOT}/Target Support Files/Pods-TestAugustaFramework/Pods-TestAugustaFramework-resources-${CONFIGURATION}-output-files.xcfilelist",
			);
			runOnlyForDeploymentPostprocessing = 0;
			shellPath = /bin/sh;
			shellScript = "\"${PODS_ROOT}/Target Support Files/Pods-TestAugustaFramework/Pods-TestAugustaFramework-resources.sh\"\n";
			showEnvVarsInLog = 0;
		};
/* End PBXShellScriptBuildPhase section */

/* Begin PBXSourcesBuildPhase section */
		9723328522D84B2E00E379B6 /* Sources */ = {
			isa = PBXSourcesBuildPhase;
			buildActionMask = 2147483647;
			files = (
				9733907B22DDA6D800C9EBAF /* FirstViewController.swift in Sources */,
				97318A7B22DC8F8800588605 /* ViewController.swift in Sources */,
				9723328C22D84B2E00E379B6 /* AppDelegate.swift in Sources */,
			);
			runOnlyForDeploymentPostprocessing = 0;
		};
		97D6553E20FF09DE0085DF71 /* Sources */ = {
			isa = PBXSourcesBuildPhase;
			buildActionMask = 2147483647;
			files = (
				56C4D5B722F027CF00FDD14E /* WeekView+Extentions.swift in Sources */,
				56C4D5B822F027CF00FDD14E /* EventsLoader.swift in Sources */,
				97F703CF22E5CB1E00B30661 /* AUBillingInfoView.swift in Sources */,
				97318A7A22DC8F6400588605 /* AUBaseViewController.swift in Sources */,
				973D230B21131D900095DD41 /* AUMonthYearPickerView.swift in Sources */,
				56E24C8D20FF1B1400FA1A80 /* AULoginValidation.swift in Sources */,
				975EFB5221143A4900334A53 /* AUUtilities.swift in Sources */,
				9747AF6E21197B5900F339F8 /* AUPasswordFieldHelper.swift in Sources */,
				56C4D5B922F027CF00FDD14E /* CalendarView+Delegate.swift in Sources */,
				5681D0F122E5C59600955116 /* AUTextField.swift in Sources */,
				97D6555120FF09EB0085DF71 /* AUWebService.swift in Sources */,
				56C4D5BA22F027CF00FDD14E /* CalendarView+DataSource.swift in Sources */,
				56C4D5B522F027CF00FDD14E /* CalendarView+Extensions.swift in Sources */,
				974C1D47210990DE008A44E8 /* AULoginView.swift in Sources */,
				97F703D022E5CB2500B30661 /* AUSocialLoginController.swift in Sources */,
				56C4D5BB22F027CF00FDD14E /* WeekView.swift in Sources */,
				974214A021107D63000A2937 /* AUBillingInfoManager.swift in Sources */,
				56C4D5B622F027CF00FDD14E /* CalendarDayCell.swift in Sources */,
				973467A322E02D2300BB02E2 /* AUListPicker.swift in Sources */,
				97F6C62620FF4CA500541E29 /* Reachability.swift in Sources */,
				56C4D5B422F027CF00FDD14E /* CalendarHeaderView.swift in Sources */,
				56C4D5B322F027CF00FDD14E /* CalendarFlowLayout.swift in Sources */,
				56C4D5BC22F027CF00FDD14E /* CalendarView.swift in Sources */,
				56227F5B21088E9E00259F20 /* AUCacheeManager.swift in Sources */,
				97D6555020FF09EB0085DF71 /* AULogger.swift in Sources */,
				9748B0272100A984006B9A63 /* AUSessionManager.swift in Sources */,
				9759719D2101AAC000FE62C7 /* AUActivityIndicator.swift in Sources */,
				97F6C62820FF591600541E29 /* AUAlertController.swift in Sources */,
			);
			runOnlyForDeploymentPostprocessing = 0;
		};
/* End PBXSourcesBuildPhase section */

/* Begin PBXTargetDependency section */
		973EA23222D891150071CF7C /* PBXTargetDependency */ = {
			isa = PBXTargetDependency;
			target = 97D6554220FF09DE0085DF71 /* AugustaFramework */;
			targetProxy = 973EA23122D891150071CF7C /* PBXContainerItemProxy */;
		};
/* End PBXTargetDependency section */

/* Begin PBXVariantGroup section */
		9723328F22D84B2E00E379B6 /* Main.storyboard */ = {
			isa = PBXVariantGroup;
			children = (
				9723329022D84B2F00E379B6 /* Base */,
			);
			name = Main.storyboard;
			sourceTree = "<group>";
		};
		9723329422D84B3000E379B6 /* LaunchScreen.storyboard */ = {
			isa = PBXVariantGroup;
			children = (
				9723329522D84B3000E379B6 /* Base */,
			);
			name = LaunchScreen.storyboard;
			sourceTree = "<group>";
		};
/* End PBXVariantGroup section */

/* Begin XCBuildConfiguration section */
		9723329822D84B3000E379B6 /* Debug */ = {
			isa = XCBuildConfiguration;
			baseConfigurationReference = 99A393B64855B1109B888D00 /* Pods-TestAugustaFramework.debug.xcconfig */;
			buildSettings = {
				ALWAYS_EMBED_SWIFT_STANDARD_LIBRARIES = YES;
				ASSETCATALOG_COMPILER_APPICON_NAME = AppIcon;
				CODE_SIGN_STYLE = Automatic;
				DEVELOPMENT_TEAM = Q44DU46W5U;
				INFOPLIST_FILE = TestAugustaFramework/Info.plist;
				IPHONEOS_DEPLOYMENT_TARGET = 11.4;
				LD_RUNPATH_SEARCH_PATHS = (
					"$(inherited)",
					"@executable_path/Frameworks",
				);
				MTL_ENABLE_DEBUG_INFO = INCLUDE_SOURCE;
				MTL_FAST_MATH = YES;
				PRODUCT_BUNDLE_IDENTIFIER = com.augusta.TestAugustaFramework;
				PRODUCT_NAME = "$(TARGET_NAME)";
				SWIFT_VERSION = 5.0;
				TARGETED_DEVICE_FAMILY = "1,2";
			};
			name = Debug;
		};
		9723329922D84B3000E379B6 /* Release */ = {
			isa = XCBuildConfiguration;
			baseConfigurationReference = BC0FED51E94E3F6A5F4DB4F0 /* Pods-TestAugustaFramework.release.xcconfig */;
			buildSettings = {
				ALWAYS_EMBED_SWIFT_STANDARD_LIBRARIES = YES;
				ASSETCATALOG_COMPILER_APPICON_NAME = AppIcon;
				CODE_SIGN_STYLE = Automatic;
				DEVELOPMENT_TEAM = Q44DU46W5U;
				INFOPLIST_FILE = TestAugustaFramework/Info.plist;
				IPHONEOS_DEPLOYMENT_TARGET = 11.4;
				LD_RUNPATH_SEARCH_PATHS = (
					"$(inherited)",
					"@executable_path/Frameworks",
				);
				MTL_FAST_MATH = YES;
				PRODUCT_BUNDLE_IDENTIFIER = com.augusta.TestAugustaFramework;
				PRODUCT_NAME = "$(TARGET_NAME)";
				SWIFT_VERSION = 5.0;
				TARGETED_DEVICE_FAMILY = "1,2";
			};
			name = Release;
		};
		97D6554920FF09DE0085DF71 /* Debug */ = {
			isa = XCBuildConfiguration;
			buildSettings = {
				ALWAYS_SEARCH_USER_PATHS = NO;
				CLANG_ANALYZER_NONNULL = YES;
				CLANG_ANALYZER_NUMBER_OBJECT_CONVERSION = YES_AGGRESSIVE;
				CLANG_CXX_LANGUAGE_STANDARD = "gnu++14";
				CLANG_CXX_LIBRARY = "libc++";
				CLANG_ENABLE_MODULES = YES;
				CLANG_ENABLE_OBJC_ARC = YES;
				CLANG_ENABLE_OBJC_WEAK = YES;
				CLANG_WARN_BLOCK_CAPTURE_AUTORELEASING = YES;
				CLANG_WARN_BOOL_CONVERSION = YES;
				CLANG_WARN_COMMA = YES;
				CLANG_WARN_CONSTANT_CONVERSION = YES;
				CLANG_WARN_DEPRECATED_OBJC_IMPLEMENTATIONS = YES;
				CLANG_WARN_DIRECT_OBJC_ISA_USAGE = YES_ERROR;
				CLANG_WARN_DOCUMENTATION_COMMENTS = YES;
				CLANG_WARN_EMPTY_BODY = YES;
				CLANG_WARN_ENUM_CONVERSION = YES;
				CLANG_WARN_INFINITE_RECURSION = YES;
				CLANG_WARN_INT_CONVERSION = YES;
				CLANG_WARN_NON_LITERAL_NULL_CONVERSION = YES;
				CLANG_WARN_OBJC_IMPLICIT_RETAIN_SELF = YES;
				CLANG_WARN_OBJC_LITERAL_CONVERSION = YES;
				CLANG_WARN_OBJC_ROOT_CLASS = YES_ERROR;
				CLANG_WARN_RANGE_LOOP_ANALYSIS = YES;
				CLANG_WARN_STRICT_PROTOTYPES = YES;
				CLANG_WARN_SUSPICIOUS_MOVE = YES;
				CLANG_WARN_UNGUARDED_AVAILABILITY = YES_AGGRESSIVE;
				CLANG_WARN_UNREACHABLE_CODE = YES;
				CLANG_WARN__DUPLICATE_METHOD_MATCH = YES;
				CODE_SIGN_IDENTITY = "iPhone Developer";
				COPY_PHASE_STRIP = NO;
				CURRENT_PROJECT_VERSION = 1;
				DEBUG_INFORMATION_FORMAT = dwarf;
				ENABLE_STRICT_OBJC_MSGSEND = YES;
				ENABLE_TESTABILITY = YES;
				GCC_C_LANGUAGE_STANDARD = gnu11;
				GCC_DYNAMIC_NO_PIC = NO;
				GCC_NO_COMMON_BLOCKS = YES;
				GCC_OPTIMIZATION_LEVEL = 0;
				GCC_PREPROCESSOR_DEFINITIONS = (
					"DEBUG=1",
					"$(inherited)",
				);
				GCC_WARN_64_TO_32_BIT_CONVERSION = YES;
				GCC_WARN_ABOUT_RETURN_TYPE = YES_ERROR;
				GCC_WARN_UNDECLARED_SELECTOR = YES;
				GCC_WARN_UNINITIALIZED_AUTOS = YES_AGGRESSIVE;
				GCC_WARN_UNUSED_FUNCTION = YES;
				GCC_WARN_UNUSED_VARIABLE = YES;
				IPHONEOS_DEPLOYMENT_TARGET = 11.4;
				MTL_ENABLE_DEBUG_INFO = YES;
				ONLY_ACTIVE_ARCH = YES;
				SDKROOT = iphoneos;
				SWIFT_ACTIVE_COMPILATION_CONDITIONS = DEBUG;
				SWIFT_OPTIMIZATION_LEVEL = "-Onone";
				VERSIONING_SYSTEM = "apple-generic";
				VERSION_INFO_PREFIX = "";
			};
			name = Debug;
		};
		97D6554A20FF09DE0085DF71 /* Release */ = {
			isa = XCBuildConfiguration;
			buildSettings = {
				ALWAYS_SEARCH_USER_PATHS = NO;
				CLANG_ANALYZER_NONNULL = YES;
				CLANG_ANALYZER_NUMBER_OBJECT_CONVERSION = YES_AGGRESSIVE;
				CLANG_CXX_LANGUAGE_STANDARD = "gnu++14";
				CLANG_CXX_LIBRARY = "libc++";
				CLANG_ENABLE_MODULES = YES;
				CLANG_ENABLE_OBJC_ARC = YES;
				CLANG_ENABLE_OBJC_WEAK = YES;
				CLANG_WARN_BLOCK_CAPTURE_AUTORELEASING = YES;
				CLANG_WARN_BOOL_CONVERSION = YES;
				CLANG_WARN_COMMA = YES;
				CLANG_WARN_CONSTANT_CONVERSION = YES;
				CLANG_WARN_DEPRECATED_OBJC_IMPLEMENTATIONS = YES;
				CLANG_WARN_DIRECT_OBJC_ISA_USAGE = YES_ERROR;
				CLANG_WARN_DOCUMENTATION_COMMENTS = YES;
				CLANG_WARN_EMPTY_BODY = YES;
				CLANG_WARN_ENUM_CONVERSION = YES;
				CLANG_WARN_INFINITE_RECURSION = YES;
				CLANG_WARN_INT_CONVERSION = YES;
				CLANG_WARN_NON_LITERAL_NULL_CONVERSION = YES;
				CLANG_WARN_OBJC_IMPLICIT_RETAIN_SELF = YES;
				CLANG_WARN_OBJC_LITERAL_CONVERSION = YES;
				CLANG_WARN_OBJC_ROOT_CLASS = YES_ERROR;
				CLANG_WARN_RANGE_LOOP_ANALYSIS = YES;
				CLANG_WARN_STRICT_PROTOTYPES = YES;
				CLANG_WARN_SUSPICIOUS_MOVE = YES;
				CLANG_WARN_UNGUARDED_AVAILABILITY = YES_AGGRESSIVE;
				CLANG_WARN_UNREACHABLE_CODE = YES;
				CLANG_WARN__DUPLICATE_METHOD_MATCH = YES;
				CODE_SIGN_IDENTITY = "iPhone Developer";
				COPY_PHASE_STRIP = NO;
				CURRENT_PROJECT_VERSION = 1;
				DEBUG_INFORMATION_FORMAT = "dwarf-with-dsym";
				ENABLE_NS_ASSERTIONS = NO;
				ENABLE_STRICT_OBJC_MSGSEND = YES;
				GCC_C_LANGUAGE_STANDARD = gnu11;
				GCC_NO_COMMON_BLOCKS = YES;
				GCC_WARN_64_TO_32_BIT_CONVERSION = YES;
				GCC_WARN_ABOUT_RETURN_TYPE = YES_ERROR;
				GCC_WARN_UNDECLARED_SELECTOR = YES;
				GCC_WARN_UNINITIALIZED_AUTOS = YES_AGGRESSIVE;
				GCC_WARN_UNUSED_FUNCTION = YES;
				GCC_WARN_UNUSED_VARIABLE = YES;
				IPHONEOS_DEPLOYMENT_TARGET = 11.4;
				MTL_ENABLE_DEBUG_INFO = NO;
				SDKROOT = iphoneos;
				SWIFT_COMPILATION_MODE = wholemodule;
				SWIFT_OPTIMIZATION_LEVEL = "-O";
				VALIDATE_PRODUCT = YES;
				VERSIONING_SYSTEM = "apple-generic";
				VERSION_INFO_PREFIX = "";
			};
			name = Release;
		};
		97D6554C20FF09DE0085DF71 /* Debug */ = {
			isa = XCBuildConfiguration;
			baseConfigurationReference = 78C35EEB6267DDFCE0796083 /* Pods-AugustaFramework.debug.xcconfig */;
			buildSettings = {
				CLANG_ENABLE_MODULES = YES;
				CODE_SIGN_IDENTITY = "";
				CODE_SIGN_STYLE = Automatic;
				DEFINES_MODULE = YES;
				DEVELOPMENT_TEAM = Q44DU46W5U;
				DYLIB_COMPATIBILITY_VERSION = 1;
				DYLIB_CURRENT_VERSION = 1;
				DYLIB_INSTALL_NAME_BASE = "@rpath";
				INFOPLIST_FILE = AugustaFramework/Info.plist;
				INSTALL_PATH = "$(LOCAL_LIBRARY_DIR)/Frameworks";
				LD_RUNPATH_SEARCH_PATHS = (
					"$(inherited)",
					"@executable_path/Frameworks",
					"@loader_path/Frameworks",
				);
				PRODUCT_BUNDLE_IDENTIFIER = com.augusta.AugustaFramework;
				PRODUCT_NAME = "$(TARGET_NAME:c99extidentifier)";
				SKIP_INSTALL = NO;
				SWIFT_OPTIMIZATION_LEVEL = "-Onone";
				SWIFT_VERSION = 4.0;
				TARGETED_DEVICE_FAMILY = "1,2";
			};
			name = Debug;
		};
		97D6554D20FF09DE0085DF71 /* Release */ = {
			isa = XCBuildConfiguration;
			baseConfigurationReference = 9B7F54BDEDCC11C240B1D5E8 /* Pods-AugustaFramework.release.xcconfig */;
			buildSettings = {
				CLANG_ENABLE_MODULES = YES;
				CODE_SIGN_IDENTITY = "";
				CODE_SIGN_STYLE = Automatic;
				DEFINES_MODULE = YES;
				DEVELOPMENT_TEAM = Q44DU46W5U;
				DYLIB_COMPATIBILITY_VERSION = 1;
				DYLIB_CURRENT_VERSION = 1;
				DYLIB_INSTALL_NAME_BASE = "@rpath";
				INFOPLIST_FILE = AugustaFramework/Info.plist;
				INSTALL_PATH = "$(LOCAL_LIBRARY_DIR)/Frameworks";
				LD_RUNPATH_SEARCH_PATHS = (
					"$(inherited)",
					"@executable_path/Frameworks",
					"@loader_path/Frameworks",
				);
				PRODUCT_BUNDLE_IDENTIFIER = com.augusta.AugustaFramework;
				PRODUCT_NAME = "$(TARGET_NAME:c99extidentifier)";
				SKIP_INSTALL = NO;
				SWIFT_VERSION = 4.0;
				TARGETED_DEVICE_FAMILY = "1,2";
			};
			name = Release;
		};
/* End XCBuildConfiguration section */

/* Begin XCConfigurationList section */
		9723329A22D84B3000E379B6 /* Build configuration list for PBXNativeTarget "TestAugustaFramework" */ = {
			isa = XCConfigurationList;
			buildConfigurations = (
				9723329822D84B3000E379B6 /* Debug */,
				9723329922D84B3000E379B6 /* Release */,
			);
			defaultConfigurationIsVisible = 0;
			defaultConfigurationName = Release;
		};
		97D6553D20FF09DE0085DF71 /* Build configuration list for PBXProject "AugustaFramework" */ = {
			isa = XCConfigurationList;
			buildConfigurations = (
				97D6554920FF09DE0085DF71 /* Debug */,
				97D6554A20FF09DE0085DF71 /* Release */,
			);
			defaultConfigurationIsVisible = 0;
			defaultConfigurationName = Release;
		};
		97D6554B20FF09DE0085DF71 /* Build configuration list for PBXNativeTarget "AugustaFramework" */ = {
			isa = XCConfigurationList;
			buildConfigurations = (
				97D6554C20FF09DE0085DF71 /* Debug */,
				97D6554D20FF09DE0085DF71 /* Release */,
			);
			defaultConfigurationIsVisible = 0;
			defaultConfigurationName = Release;
		};
/* End XCConfigurationList section */
	};
	rootObject = 97D6553A20FF09DE0085DF71 /* Project object */;
}
