// !$*UTF8*$!
{
	archiveVersion = 1;
	classes = {
	};
	objectVersion = 50;
	objects = {

/* Begin PBXBuildFile section */
		56227F5B21088E9E00259F20 /* AUCacheeManager.swift in Sources */ = {isa = PBXBuildFile; fileRef = 56227F5A21088E9E00259F20 /* AUCacheeManager.swift */; };
		56E24C8D20FF1B1400FA1A80 /* AULoginValidation.swift in Sources */ = {isa = PBXBuildFile; fileRef = 56E24C8C20FF1B1400FA1A80 /* AULoginValidation.swift */; };
		56F63F6B210F240600915D0B /* AUVersionUpdate.swift in Sources */ = {isa = PBXBuildFile; fileRef = 56F63F6A210F240600915D0B /* AUVersionUpdate.swift */; };
		9739E7CC2111970C004C58D0 /* AUBillingInfoView.swift in Sources */ = {isa = PBXBuildFile; fileRef = 9739E7CB2111970C004C58D0 /* AUBillingInfoView.swift */; };
		9739E7CE21119730004C58D0 /* AUBillingInfoView.xib in Resources */ = {isa = PBXBuildFile; fileRef = 9739E7CD21119730004C58D0 /* AUBillingInfoView.xib */; };
		9739E7D02111BFC7004C58D0 /* Assets.xcassets in Resources */ = {isa = PBXBuildFile; fileRef = 9739E7CF2111BFC7004C58D0 /* Assets.xcassets */; };
		973D22F32112EACC0095DD41 /* card@2x.png in Resources */ = {isa = PBXBuildFile; fileRef = 973D22DC2112EACB0095DD41 /* card@2x.png */; };
		973D22F42112EACC0095DD41 /* card@3x.png in Resources */ = {isa = PBXBuildFile; fileRef = 973D22DD2112EACB0095DD41 /* card@3x.png */; };
		973D22F52112EACC0095DD41 /* card_amex.png in Resources */ = {isa = PBXBuildFile; fileRef = 973D22DE2112EACB0095DD41 /* card_amex.png */; };
		973D22F62112EACC0095DD41 /* card_amex@2x.png in Resources */ = {isa = PBXBuildFile; fileRef = 973D22DF2112EACB0095DD41 /* card_amex@2x.png */; };
		973D22F72112EACC0095DD41 /* card_amex@3x.png in Resources */ = {isa = PBXBuildFile; fileRef = 973D22E02112EACB0095DD41 /* card_amex@3x.png */; };
		973D22F82112EACC0095DD41 /* card_diners.png in Resources */ = {isa = PBXBuildFile; fileRef = 973D22E12112EACB0095DD41 /* card_diners.png */; };
		973D22F92112EACC0095DD41 /* card_diners@2x.png in Resources */ = {isa = PBXBuildFile; fileRef = 973D22E22112EACB0095DD41 /* card_diners@2x.png */; };
		973D22FA2112EACC0095DD41 /* card_diners@3x.png in Resources */ = {isa = PBXBuildFile; fileRef = 973D22E32112EACB0095DD41 /* card_diners@3x.png */; };
		973D22FB2112EACC0095DD41 /* card_discover.png in Resources */ = {isa = PBXBuildFile; fileRef = 973D22E42112EACB0095DD41 /* card_discover.png */; };
		973D22FC2112EACC0095DD41 /* card_discover@2x.png in Resources */ = {isa = PBXBuildFile; fileRef = 973D22E52112EACB0095DD41 /* card_discover@2x.png */; };
		973D22FD2112EACC0095DD41 /* card_discover@3x.png in Resources */ = {isa = PBXBuildFile; fileRef = 973D22E62112EACB0095DD41 /* card_discover@3x.png */; };
		973D22FE2112EACC0095DD41 /* card_jcb.png in Resources */ = {isa = PBXBuildFile; fileRef = 973D22E72112EACB0095DD41 /* card_jcb.png */; };
		973D22FF2112EACC0095DD41 /* card_jcb@2x.png in Resources */ = {isa = PBXBuildFile; fileRef = 973D22E82112EACB0095DD41 /* card_jcb@2x.png */; };
		973D23002112EACC0095DD41 /* card_jcb@3x.png in Resources */ = {isa = PBXBuildFile; fileRef = 973D22E92112EACB0095DD41 /* card_jcb@3x.png */; };
		973D23012112EACC0095DD41 /* card_mastercard.png in Resources */ = {isa = PBXBuildFile; fileRef = 973D22EA2112EACB0095DD41 /* card_mastercard.png */; };
		973D23022112EACC0095DD41 /* card_mastercard@2x.png in Resources */ = {isa = PBXBuildFile; fileRef = 973D22EB2112EACB0095DD41 /* card_mastercard@2x.png */; };
		973D23032112EACC0095DD41 /* card_mastercard@3x.png in Resources */ = {isa = PBXBuildFile; fileRef = 973D22EC2112EACB0095DD41 /* card_mastercard@3x.png */; };
		973D23042112EACC0095DD41 /* card_unionpay.png in Resources */ = {isa = PBXBuildFile; fileRef = 973D22ED2112EACB0095DD41 /* card_unionpay.png */; };
		973D23052112EACC0095DD41 /* card_unionpay@2x.png in Resources */ = {isa = PBXBuildFile; fileRef = 973D22EE2112EACB0095DD41 /* card_unionpay@2x.png */; };
		973D23062112EACC0095DD41 /* card_unionpay@3x.png in Resources */ = {isa = PBXBuildFile; fileRef = 973D22EF2112EACB0095DD41 /* card_unionpay@3x.png */; };
		973D23072112EACC0095DD41 /* card_visa@2x.png in Resources */ = {isa = PBXBuildFile; fileRef = 973D22F02112EACB0095DD41 /* card_visa@2x.png */; };
		973D23082112EACC0095DD41 /* card_visa@3x.png in Resources */ = {isa = PBXBuildFile; fileRef = 973D22F12112EACB0095DD41 /* card_visa@3x.png */; };
		973D23092112EACC0095DD41 /* card_visa@4x.png in Resources */ = {isa = PBXBuildFile; fileRef = 973D22F22112EACB0095DD41 /* card_visa@4x.png */; };
		973D230B21131D900095DD41 /* AUMonthYearPickerView.swift in Sources */ = {isa = PBXBuildFile; fileRef = 973D230A21131D900095DD41 /* AUMonthYearPickerView.swift */; };
		974214A021107D63000A2937 /* AUBillingInfoManager.swift in Sources */ = {isa = PBXBuildFile; fileRef = 9742149F21107D63000A2937 /* AUBillingInfoManager.swift */; };
		974634892107098400B6BCB0 /* AUSocialLoginController.swift in Sources */ = {isa = PBXBuildFile; fileRef = 974634882107098400B6BCB0 /* AUSocialLoginController.swift */; };
		9748B0272100A984006B9A63 /* AUSessionManager.swift in Sources */ = {isa = PBXBuildFile; fileRef = 9748B0262100A984006B9A63 /* AUSessionManager.swift */; };
		974C1D47210990DE008A44E8 /* AULoginView.swift in Sources */ = {isa = PBXBuildFile; fileRef = 974C1D46210990DE008A44E8 /* AULoginView.swift */; };
		974C1D49210990EC008A44E8 /* AULoginView.xib in Resources */ = {isa = PBXBuildFile; fileRef = 974C1D48210990EC008A44E8 /* AULoginView.xib */; };
		9759719D2101AAC000FE62C7 /* AUActivityIndicator.swift in Sources */ = {isa = PBXBuildFile; fileRef = 9759719C2101AAC000FE62C7 /* AUActivityIndicator.swift */; };
		97D6554820FF09DE0085DF71 /* AugustaFramework.h in Headers */ = {isa = PBXBuildFile; fileRef = 97D6554620FF09DE0085DF71 /* AugustaFramework.h */; settings = {ATTRIBUTES = (Public, ); }; };
		97D6555020FF09EB0085DF71 /* AULogger.swift in Sources */ = {isa = PBXBuildFile; fileRef = 97D6554E20FF09EB0085DF71 /* AULogger.swift */; };
		97D6555120FF09EB0085DF71 /* AUWebService.swift in Sources */ = {isa = PBXBuildFile; fileRef = 97D6554F20FF09EB0085DF71 /* AUWebService.swift */; };
		97F6C62620FF4CA500541E29 /* Reachability.swift in Sources */ = {isa = PBXBuildFile; fileRef = 97F6C62520FF4CA500541E29 /* Reachability.swift */; };
		97F6C62820FF591600541E29 /* AUAlertController.swift in Sources */ = {isa = PBXBuildFile; fileRef = 97F6C62720FF591600541E29 /* AUAlertController.swift */; };
		D86DFAD99AF097C2DA6624DD /* Pods_AugustaFramework.framework in Frameworks */ = {isa = PBXBuildFile; fileRef = 84528AD9385F658462187CDB /* Pods_AugustaFramework.framework */; };
/* End PBXBuildFile section */

/* Begin PBXFileReference section */
		56227F5A21088E9E00259F20 /* AUCacheeManager.swift */ = {isa = PBXFileReference; lastKnownFileType = sourcecode.swift; path = AUCacheeManager.swift; sourceTree = "<group>"; };
		56E24C8C20FF1B1400FA1A80 /* AULoginValidation.swift */ = {isa = PBXFileReference; lastKnownFileType = sourcecode.swift; path = AULoginValidation.swift; sourceTree = "<group>"; };
		56F63F6A210F240600915D0B /* AUVersionUpdate.swift */ = {isa = PBXFileReference; lastKnownFileType = sourcecode.swift; path = AUVersionUpdate.swift; sourceTree = "<group>"; };
		5931B6B4FA57C95220EAB06C /* Pods-AugustaFramework.release.xcconfig */ = {isa = PBXFileReference; includeInIndex = 1; lastKnownFileType = text.xcconfig; name = "Pods-AugustaFramework.release.xcconfig"; path = "Pods/Target Support Files/Pods-AugustaFramework/Pods-AugustaFramework.release.xcconfig"; sourceTree = "<group>"; };
		84528AD9385F658462187CDB /* Pods_AugustaFramework.framework */ = {isa = PBXFileReference; explicitFileType = wrapper.framework; includeInIndex = 0; path = Pods_AugustaFramework.framework; sourceTree = BUILT_PRODUCTS_DIR; };
		9739E7CB2111970C004C58D0 /* AUBillingInfoView.swift */ = {isa = PBXFileReference; lastKnownFileType = sourcecode.swift; path = AUBillingInfoView.swift; sourceTree = "<group>"; };
		9739E7CD21119730004C58D0 /* AUBillingInfoView.xib */ = {isa = PBXFileReference; lastKnownFileType = file.xib; path = AUBillingInfoView.xib; sourceTree = "<group>"; };
		9739E7CF2111BFC7004C58D0 /* Assets.xcassets */ = {isa = PBXFileReference; lastKnownFileType = folder.assetcatalog; path = Assets.xcassets; sourceTree = "<group>"; };
		973D22DC2112EACB0095DD41 /* card@2x.png */ = {isa = PBXFileReference; lastKnownFileType = image.png; path = "card@2x.png"; sourceTree = "<group>"; };
		973D22DD2112EACB0095DD41 /* card@3x.png */ = {isa = PBXFileReference; lastKnownFileType = image.png; path = "card@3x.png"; sourceTree = "<group>"; };
		973D22DE2112EACB0095DD41 /* card_amex.png */ = {isa = PBXFileReference; lastKnownFileType = image.png; path = card_amex.png; sourceTree = "<group>"; };
		973D22DF2112EACB0095DD41 /* card_amex@2x.png */ = {isa = PBXFileReference; lastKnownFileType = image.png; path = "card_amex@2x.png"; sourceTree = "<group>"; };
		973D22E02112EACB0095DD41 /* card_amex@3x.png */ = {isa = PBXFileReference; lastKnownFileType = image.png; path = "card_amex@3x.png"; sourceTree = "<group>"; };
		973D22E12112EACB0095DD41 /* card_diners.png */ = {isa = PBXFileReference; lastKnownFileType = image.png; path = card_diners.png; sourceTree = "<group>"; };
		973D22E22112EACB0095DD41 /* card_diners@2x.png */ = {isa = PBXFileReference; lastKnownFileType = image.png; path = "card_diners@2x.png"; sourceTree = "<group>"; };
		973D22E32112EACB0095DD41 /* card_diners@3x.png */ = {isa = PBXFileReference; lastKnownFileType = image.png; path = "card_diners@3x.png"; sourceTree = "<group>"; };
		973D22E42112EACB0095DD41 /* card_discover.png */ = {isa = PBXFileReference; lastKnownFileType = image.png; path = card_discover.png; sourceTree = "<group>"; };
		973D22E52112EACB0095DD41 /* card_discover@2x.png */ = {isa = PBXFileReference; lastKnownFileType = image.png; path = "card_discover@2x.png"; sourceTree = "<group>"; };
		973D22E62112EACB0095DD41 /* card_discover@3x.png */ = {isa = PBXFileReference; lastKnownFileType = image.png; path = "card_discover@3x.png"; sourceTree = "<group>"; };
		973D22E72112EACB0095DD41 /* card_jcb.png */ = {isa = PBXFileReference; lastKnownFileType = image.png; path = card_jcb.png; sourceTree = "<group>"; };
		973D22E82112EACB0095DD41 /* card_jcb@2x.png */ = {isa = PBXFileReference; lastKnownFileType = image.png; path = "card_jcb@2x.png"; sourceTree = "<group>"; };
		973D22E92112EACB0095DD41 /* card_jcb@3x.png */ = {isa = PBXFileReference; lastKnownFileType = image.png; path = "card_jcb@3x.png"; sourceTree = "<group>"; };
		973D22EA2112EACB0095DD41 /* card_mastercard.png */ = {isa = PBXFileReference; lastKnownFileType = image.png; path = card_mastercard.png; sourceTree = "<group>"; };
		973D22EB2112EACB0095DD41 /* card_mastercard@2x.png */ = {isa = PBXFileReference; lastKnownFileType = image.png; path = "card_mastercard@2x.png"; sourceTree = "<group>"; };
		973D22EC2112EACB0095DD41 /* card_mastercard@3x.png */ = {isa = PBXFileReference; lastKnownFileType = image.png; path = "card_mastercard@3x.png"; sourceTree = "<group>"; };
		973D22ED2112EACB0095DD41 /* card_unionpay.png */ = {isa = PBXFileReference; lastKnownFileType = image.png; path = card_unionpay.png; sourceTree = "<group>"; };
		973D22EE2112EACB0095DD41 /* card_unionpay@2x.png */ = {isa = PBXFileReference; lastKnownFileType = image.png; path = "card_unionpay@2x.png"; sourceTree = "<group>"; };
		973D22EF2112EACB0095DD41 /* card_unionpay@3x.png */ = {isa = PBXFileReference; lastKnownFileType = image.png; path = "card_unionpay@3x.png"; sourceTree = "<group>"; };
		973D22F02112EACB0095DD41 /* card_visa@2x.png */ = {isa = PBXFileReference; lastKnownFileType = image.png; path = "card_visa@2x.png"; sourceTree = "<group>"; };
		973D22F12112EACB0095DD41 /* card_visa@3x.png */ = {isa = PBXFileReference; lastKnownFileType = image.png; path = "card_visa@3x.png"; sourceTree = "<group>"; };
		973D22F22112EACB0095DD41 /* card_visa@4x.png */ = {isa = PBXFileReference; lastKnownFileType = image.png; path = "card_visa@4x.png"; sourceTree = "<group>"; };
		973D230A21131D900095DD41 /* AUMonthYearPickerView.swift */ = {isa = PBXFileReference; fileEncoding = 4; lastKnownFileType = sourcecode.swift; path = AUMonthYearPickerView.swift; sourceTree = "<group>"; };
		9742149F21107D63000A2937 /* AUBillingInfoManager.swift */ = {isa = PBXFileReference; lastKnownFileType = sourcecode.swift; path = AUBillingInfoManager.swift; sourceTree = "<group>"; };
		974634882107098400B6BCB0 /* AUSocialLoginController.swift */ = {isa = PBXFileReference; lastKnownFileType = sourcecode.swift; path = AUSocialLoginController.swift; sourceTree = "<group>"; };
		9748B0262100A984006B9A63 /* AUSessionManager.swift */ = {isa = PBXFileReference; lastKnownFileType = sourcecode.swift; path = AUSessionManager.swift; sourceTree = "<group>"; };
		974C1D46210990DE008A44E8 /* AULoginView.swift */ = {isa = PBXFileReference; lastKnownFileType = sourcecode.swift; path = AULoginView.swift; sourceTree = "<group>"; };
		974C1D48210990EC008A44E8 /* AULoginView.xib */ = {isa = PBXFileReference; lastKnownFileType = file.xib; path = AULoginView.xib; sourceTree = "<group>"; };
		9759719C2101AAC000FE62C7 /* AUActivityIndicator.swift */ = {isa = PBXFileReference; lastKnownFileType = sourcecode.swift; path = AUActivityIndicator.swift; sourceTree = "<group>"; };
		97D6554320FF09DE0085DF71 /* AugustaFramework.framework */ = {isa = PBXFileReference; explicitFileType = wrapper.framework; includeInIndex = 0; path = AugustaFramework.framework; sourceTree = BUILT_PRODUCTS_DIR; };
		97D6554620FF09DE0085DF71 /* AugustaFramework.h */ = {isa = PBXFileReference; lastKnownFileType = sourcecode.c.h; path = AugustaFramework.h; sourceTree = "<group>"; };
		97D6554720FF09DE0085DF71 /* Info.plist */ = {isa = PBXFileReference; lastKnownFileType = text.plist.xml; path = Info.plist; sourceTree = "<group>"; };
		97D6554E20FF09EB0085DF71 /* AULogger.swift */ = {isa = PBXFileReference; fileEncoding = 4; lastKnownFileType = sourcecode.swift; path = AULogger.swift; sourceTree = "<group>"; };
		97D6554F20FF09EB0085DF71 /* AUWebService.swift */ = {isa = PBXFileReference; fileEncoding = 4; lastKnownFileType = sourcecode.swift; path = AUWebService.swift; sourceTree = "<group>"; };
		97F6C62520FF4CA500541E29 /* Reachability.swift */ = {isa = PBXFileReference; fileEncoding = 4; lastKnownFileType = sourcecode.swift; path = Reachability.swift; sourceTree = "<group>"; };
		97F6C62720FF591600541E29 /* AUAlertController.swift */ = {isa = PBXFileReference; lastKnownFileType = sourcecode.swift; path = AUAlertController.swift; sourceTree = "<group>"; };
		A4859C9C8B9AD39BEDA00FF0 /* Pods-AugustaFramework.debug.xcconfig */ = {isa = PBXFileReference; includeInIndex = 1; lastKnownFileType = text.xcconfig; name = "Pods-AugustaFramework.debug.xcconfig"; path = "Pods/Target Support Files/Pods-AugustaFramework/Pods-AugustaFramework.debug.xcconfig"; sourceTree = "<group>"; };
/* End PBXFileReference section */

/* Begin PBXFrameworksBuildPhase section */
		97D6553F20FF09DE0085DF71 /* Frameworks */ = {
			isa = PBXFrameworksBuildPhase;
			buildActionMask = 2147483647;
			files = (
				D86DFAD99AF097C2DA6624DD /* Pods_AugustaFramework.framework in Frameworks */,
			);
			runOnlyForDeploymentPostprocessing = 0;
		};
/* End PBXFrameworksBuildPhase section */

/* Begin PBXGroup section */
		95DD7BB523C21F65F39C6CFC /* Frameworks */ = {
			isa = PBXGroup;
			children = (
				84528AD9385F658462187CDB /* Pods_AugustaFramework.framework */,
			);
			name = Frameworks;
			sourceTree = "<group>";
		};
		973D22DB2112EACB0095DD41 /* Resources */ = {
			isa = PBXGroup;
			children = (
				973D22DC2112EACB0095DD41 /* card@2x.png */,
				973D22DD2112EACB0095DD41 /* card@3x.png */,
				973D22DE2112EACB0095DD41 /* card_amex.png */,
				973D22DF2112EACB0095DD41 /* card_amex@2x.png */,
				973D22E02112EACB0095DD41 /* card_amex@3x.png */,
				973D22E12112EACB0095DD41 /* card_diners.png */,
				973D22E22112EACB0095DD41 /* card_diners@2x.png */,
				973D22E32112EACB0095DD41 /* card_diners@3x.png */,
				973D22E42112EACB0095DD41 /* card_discover.png */,
				973D22E52112EACB0095DD41 /* card_discover@2x.png */,
				973D22E62112EACB0095DD41 /* card_discover@3x.png */,
				973D22E72112EACB0095DD41 /* card_jcb.png */,
				973D22E82112EACB0095DD41 /* card_jcb@2x.png */,
				973D22E92112EACB0095DD41 /* card_jcb@3x.png */,
				973D22EA2112EACB0095DD41 /* card_mastercard.png */,
				973D22EB2112EACB0095DD41 /* card_mastercard@2x.png */,
				973D22EC2112EACB0095DD41 /* card_mastercard@3x.png */,
				973D22ED2112EACB0095DD41 /* card_unionpay.png */,
				973D22EE2112EACB0095DD41 /* card_unionpay@2x.png */,
				973D22EF2112EACB0095DD41 /* card_unionpay@3x.png */,
				973D22F02112EACB0095DD41 /* card_visa@2x.png */,
				973D22F12112EACB0095DD41 /* card_visa@3x.png */,
				973D22F22112EACB0095DD41 /* card_visa@4x.png */,
			);
			path = Resources;
			sourceTree = "<group>";
		};
		974968A62108477800CCC1BA /* Views */ = {
			isa = PBXGroup;
			children = (
				974C1D46210990DE008A44E8 /* AULoginView.swift */,
				974C1D48210990EC008A44E8 /* AULoginView.xib */,
				9739E7CB2111970C004C58D0 /* AUBillingInfoView.swift */,
				9739E7CD21119730004C58D0 /* AUBillingInfoView.xib */,
				973D230A21131D900095DD41 /* AUMonthYearPickerView.swift */,
			);
			path = Views;
			sourceTree = "<group>";
		};
		97D6553920FF09DE0085DF71 = {
			isa = PBXGroup;
			children = (
				97D6554520FF09DE0085DF71 /* AugustaFramework */,
				97D6554420FF09DE0085DF71 /* Products */,
				F4225DA3D25D02E38807FE25 /* Pods */,
				95DD7BB523C21F65F39C6CFC /* Frameworks */,
			);
			sourceTree = "<group>";
		};
		97D6554420FF09DE0085DF71 /* Products */ = {
			isa = PBXGroup;
			children = (
				97D6554320FF09DE0085DF71 /* AugustaFramework.framework */,
			);
			name = Products;
			sourceTree = "<group>";
		};
		97D6554520FF09DE0085DF71 /* AugustaFramework */ = {
			isa = PBXGroup;
			children = (
				974968A62108477800CCC1BA /* Views */,
				97D6554620FF09DE0085DF71 /* AugustaFramework.h */,
				56E24C8C20FF1B1400FA1A80 /* AULoginValidation.swift */,
				97D6554E20FF09EB0085DF71 /* AULogger.swift */,
				97D6554F20FF09EB0085DF71 /* AUWebService.swift */,
				56227F5A21088E9E00259F20 /* AUCacheeManager.swift */,
				9748B0262100A984006B9A63 /* AUSessionManager.swift */,
				9759719C2101AAC000FE62C7 /* AUActivityIndicator.swift */,
				97F6C62720FF591600541E29 /* AUAlertController.swift */,
				974634882107098400B6BCB0 /* AUSocialLoginController.swift */,
				56F63F6A210F240600915D0B /* AUVersionUpdate.swift */,
				97F6C62520FF4CA500541E29 /* Reachability.swift */,
				97D6554720FF09DE0085DF71 /* Info.plist */,
				9742149F21107D63000A2937 /* AUBillingInfoManager.swift */,
				9739E7CF2111BFC7004C58D0 /* Assets.xcassets */,
				973D22DB2112EACB0095DD41 /* Resources */,
			);
			path = AugustaFramework;
			sourceTree = "<group>";
		};
		F4225DA3D25D02E38807FE25 /* Pods */ = {
			isa = PBXGroup;
			children = (
				A4859C9C8B9AD39BEDA00FF0 /* Pods-AugustaFramework.debug.xcconfig */,
				5931B6B4FA57C95220EAB06C /* Pods-AugustaFramework.release.xcconfig */,
			);
			name = Pods;
			sourceTree = "<group>";
		};
/* End PBXGroup section */

/* Begin PBXHeadersBuildPhase section */
		97D6554020FF09DE0085DF71 /* Headers */ = {
			isa = PBXHeadersBuildPhase;
			buildActionMask = 2147483647;
			files = (
				97D6554820FF09DE0085DF71 /* AugustaFramework.h in Headers */,
			);
			runOnlyForDeploymentPostprocessing = 0;
		};
/* End PBXHeadersBuildPhase section */

/* Begin PBXNativeTarget section */
		97D6554220FF09DE0085DF71 /* AugustaFramework */ = {
			isa = PBXNativeTarget;
			buildConfigurationList = 97D6554B20FF09DE0085DF71 /* Build configuration list for PBXNativeTarget "AugustaFramework" */;
			buildPhases = (
				DEE4BF4179D1107DC1C5DF1A /* [CP] Check Pods Manifest.lock */,
				97D6553E20FF09DE0085DF71 /* Sources */,
				97D6553F20FF09DE0085DF71 /* Frameworks */,
				97D6554020FF09DE0085DF71 /* Headers */,
				97D6554120FF09DE0085DF71 /* Resources */,
				620FC186E60D4E9117F9A587 /* [CP] Copy Pods Resources */,
			);
			buildRules = (
			);
			dependencies = (
			);
			name = AugustaFramework;
			productName = AugustaFramework;
			productReference = 97D6554320FF09DE0085DF71 /* AugustaFramework.framework */;
			productType = "com.apple.product-type.framework";
		};
/* End PBXNativeTarget section */

/* Begin PBXProject section */
		97D6553A20FF09DE0085DF71 /* Project object */ = {
			isa = PBXProject;
			attributes = {
				LastUpgradeCheck = 0940;
				ORGANIZATIONNAME = augusta;
				TargetAttributes = {
					97D6554220FF09DE0085DF71 = {
						CreatedOnToolsVersion = 9.4;
						LastSwiftMigration = 0940;
					};
				};
			};
			buildConfigurationList = 97D6553D20FF09DE0085DF71 /* Build configuration list for PBXProject "AugustaFramework" */;
			compatibilityVersion = "Xcode 9.3";
			developmentRegion = en;
			hasScannedForEncodings = 0;
			knownRegions = (
				en,
			);
			mainGroup = 97D6553920FF09DE0085DF71;
			productRefGroup = 97D6554420FF09DE0085DF71 /* Products */;
			projectDirPath = "";
			projectRoot = "";
			targets = (
				97D6554220FF09DE0085DF71 /* AugustaFramework */,
			);
		};
/* End PBXProject section */

/* Begin PBXResourcesBuildPhase section */
		97D6554120FF09DE0085DF71 /* Resources */ = {
			isa = PBXResourcesBuildPhase;
			buildActionMask = 2147483647;
			files = (
				973D22F52112EACC0095DD41 /* card_amex.png in Resources */,
				973D22F92112EACC0095DD41 /* card_diners@2x.png in Resources */,
				973D23052112EACC0095DD41 /* card_unionpay@2x.png in Resources */,
				973D23072112EACC0095DD41 /* card_visa@2x.png in Resources */,
				973D22FA2112EACC0095DD41 /* card_diners@3x.png in Resources */,
				973D22F62112EACC0095DD41 /* card_amex@2x.png in Resources */,
				973D22F32112EACC0095DD41 /* card@2x.png in Resources */,
				9739E7CE21119730004C58D0 /* AUBillingInfoView.xib in Resources */,
				9739E7D02111BFC7004C58D0 /* Assets.xcassets in Resources */,
				973D22FE2112EACC0095DD41 /* card_jcb.png in Resources */,
				973D22FC2112EACC0095DD41 /* card_discover@2x.png in Resources */,
				974C1D49210990EC008A44E8 /* AULoginView.xib in Resources */,
				973D23022112EACC0095DD41 /* card_mastercard@2x.png in Resources */,
				973D22F42112EACC0095DD41 /* card@3x.png in Resources */,
				973D23062112EACC0095DD41 /* card_unionpay@3x.png in Resources */,
				973D22F82112EACC0095DD41 /* card_diners.png in Resources */,
				973D23002112EACC0095DD41 /* card_jcb@3x.png in Resources */,
				973D23032112EACC0095DD41 /* card_mastercard@3x.png in Resources */,
				973D22FF2112EACC0095DD41 /* card_jcb@2x.png in Resources */,
				973D23012112EACC0095DD41 /* card_mastercard.png in Resources */,
				973D23042112EACC0095DD41 /* card_unionpay.png in Resources */,
				973D23082112EACC0095DD41 /* card_visa@3x.png in Resources */,
				973D22FB2112EACC0095DD41 /* card_discover.png in Resources */,
				973D22F72112EACC0095DD41 /* card_amex@3x.png in Resources */,
				973D22FD2112EACC0095DD41 /* card_discover@3x.png in Resources */,
				973D23092112EACC0095DD41 /* card_visa@4x.png in Resources */,
			);
			runOnlyForDeploymentPostprocessing = 0;
		};
/* End PBXResourcesBuildPhase section */

/* Begin PBXShellScriptBuildPhase section */
		620FC186E60D4E9117F9A587 /* [CP] Copy Pods Resources */ = {
			isa = PBXShellScriptBuildPhase;
			buildActionMask = 2147483647;
			files = (
			);
			inputPaths = (
				"${SRCROOT}/Pods/Target Support Files/Pods-AugustaFramework/Pods-AugustaFramework-resources.sh",
				"${PODS_ROOT}/TwitterKit/iOS/TwitterKit.framework/TwitterKitResources.bundle",
			);
			name = "[CP] Copy Pods Resources";
			outputPaths = (
				"${TARGET_BUILD_DIR}/${UNLOCALIZED_RESOURCES_FOLDER_PATH}/TwitterKitResources.bundle",
			);
			runOnlyForDeploymentPostprocessing = 0;
			shellPath = /bin/sh;
			shellScript = "\"${SRCROOT}/Pods/Target Support Files/Pods-AugustaFramework/Pods-AugustaFramework-resources.sh\"\n";
			showEnvVarsInLog = 0;
		};
		DEE4BF4179D1107DC1C5DF1A /* [CP] Check Pods Manifest.lock */ = {
			isa = PBXShellScriptBuildPhase;
			buildActionMask = 2147483647;
			files = (
			);
			inputPaths = (
				"${PODS_PODFILE_DIR_PATH}/Podfile.lock",
				"${PODS_ROOT}/Manifest.lock",
			);
			name = "[CP] Check Pods Manifest.lock";
			outputPaths = (
				"$(DERIVED_FILE_DIR)/Pods-AugustaFramework-checkManifestLockResult.txt",
			);
			runOnlyForDeploymentPostprocessing = 0;
			shellPath = /bin/sh;
			shellScript = "diff \"${PODS_PODFILE_DIR_PATH}/Podfile.lock\" \"${PODS_ROOT}/Manifest.lock\" > /dev/null\nif [ $? != 0 ] ; then\n    # print error to STDERR\n    echo \"error: The sandbox is not in sync with the Podfile.lock. Run 'pod install' or update your CocoaPods installation.\" >&2\n    exit 1\nfi\n# This output is used by Xcode 'outputs' to avoid re-running this script phase.\necho \"SUCCESS\" > \"${SCRIPT_OUTPUT_FILE_0}\"\n";
			showEnvVarsInLog = 0;
		};
/* End PBXShellScriptBuildPhase section */

/* Begin PBXSourcesBuildPhase section */
		97D6553E20FF09DE0085DF71 /* Sources */ = {
			isa = PBXSourcesBuildPhase;
			buildActionMask = 2147483647;
			files = (
				973D230B21131D900095DD41 /* AUMonthYearPickerView.swift in Sources */,
				56E24C8D20FF1B1400FA1A80 /* AULoginValidation.swift in Sources */,
				97D6555120FF09EB0085DF71 /* AUWebService.swift in Sources */,
				974C1D47210990DE008A44E8 /* AULoginView.swift in Sources */,
				974214A021107D63000A2937 /* AUBillingInfoManager.swift in Sources */,
				97F6C62620FF4CA500541E29 /* Reachability.swift in Sources */,
				56227F5B21088E9E00259F20 /* AUCacheeManager.swift in Sources */,
				97D6555020FF09EB0085DF71 /* AULogger.swift in Sources */,
				9748B0272100A984006B9A63 /* AUSessionManager.swift in Sources */,
				9759719D2101AAC000FE62C7 /* AUActivityIndicator.swift in Sources */,
				56F63F6B210F240600915D0B /* AUVersionUpdate.swift in Sources */,
				974634892107098400B6BCB0 /* AUSocialLoginController.swift in Sources */,
				9739E7CC2111970C004C58D0 /* AUBillingInfoView.swift in Sources */,
				97F6C62820FF591600541E29 /* AUAlertController.swift in Sources */,
			);
			runOnlyForDeploymentPostprocessing = 0;
		};
/* End PBXSourcesBuildPhase section */

/* Begin XCBuildConfiguration section */
		97D6554920FF09DE0085DF71 /* Debug */ = {
			isa = XCBuildConfiguration;
			buildSettings = {
				ALWAYS_SEARCH_USER_PATHS = NO;
				CLANG_ANALYZER_NONNULL = YES;
				CLANG_ANALYZER_NUMBER_OBJECT_CONVERSION = YES_AGGRESSIVE;
				CLANG_CXX_LANGUAGE_STANDARD = "gnu++14";
				CLANG_CXX_LIBRARY = "libc++";
				CLANG_ENABLE_MODULES = YES;
				CLANG_ENABLE_OBJC_ARC = YES;
				CLANG_ENABLE_OBJC_WEAK = YES;
				CLANG_WARN_BLOCK_CAPTURE_AUTORELEASING = YES;
				CLANG_WARN_BOOL_CONVERSION = YES;
				CLANG_WARN_COMMA = YES;
				CLANG_WARN_CONSTANT_CONVERSION = YES;
				CLANG_WARN_DEPRECATED_OBJC_IMPLEMENTATIONS = YES;
				CLANG_WARN_DIRECT_OBJC_ISA_USAGE = YES_ERROR;
				CLANG_WARN_DOCUMENTATION_COMMENTS = YES;
				CLANG_WARN_EMPTY_BODY = YES;
				CLANG_WARN_ENUM_CONVERSION = YES;
				CLANG_WARN_INFINITE_RECURSION = YES;
				CLANG_WARN_INT_CONVERSION = YES;
				CLANG_WARN_NON_LITERAL_NULL_CONVERSION = YES;
				CLANG_WARN_OBJC_IMPLICIT_RETAIN_SELF = YES;
				CLANG_WARN_OBJC_LITERAL_CONVERSION = YES;
				CLANG_WARN_OBJC_ROOT_CLASS = YES_ERROR;
				CLANG_WARN_RANGE_LOOP_ANALYSIS = YES;
				CLANG_WARN_STRICT_PROTOTYPES = YES;
				CLANG_WARN_SUSPICIOUS_MOVE = YES;
				CLANG_WARN_UNGUARDED_AVAILABILITY = YES_AGGRESSIVE;
				CLANG_WARN_UNREACHABLE_CODE = YES;
				CLANG_WARN__DUPLICATE_METHOD_MATCH = YES;
				CODE_SIGN_IDENTITY = "iPhone Developer";
				COPY_PHASE_STRIP = NO;
				CURRENT_PROJECT_VERSION = 1;
				DEBUG_INFORMATION_FORMAT = dwarf;
				ENABLE_STRICT_OBJC_MSGSEND = YES;
				ENABLE_TESTABILITY = YES;
				GCC_C_LANGUAGE_STANDARD = gnu11;
				GCC_DYNAMIC_NO_PIC = NO;
				GCC_NO_COMMON_BLOCKS = YES;
				GCC_OPTIMIZATION_LEVEL = 0;
				GCC_PREPROCESSOR_DEFINITIONS = (
					"DEBUG=1",
					"$(inherited)",
				);
				GCC_WARN_64_TO_32_BIT_CONVERSION = YES;
				GCC_WARN_ABOUT_RETURN_TYPE = YES_ERROR;
				GCC_WARN_UNDECLARED_SELECTOR = YES;
				GCC_WARN_UNINITIALIZED_AUTOS = YES_AGGRESSIVE;
				GCC_WARN_UNUSED_FUNCTION = YES;
				GCC_WARN_UNUSED_VARIABLE = YES;
				IPHONEOS_DEPLOYMENT_TARGET = 11.4;
				MTL_ENABLE_DEBUG_INFO = YES;
				ONLY_ACTIVE_ARCH = YES;
				SDKROOT = iphoneos;
				SWIFT_ACTIVE_COMPILATION_CONDITIONS = DEBUG;
				SWIFT_OPTIMIZATION_LEVEL = "-Onone";
				VERSIONING_SYSTEM = "apple-generic";
				VERSION_INFO_PREFIX = "";
			};
			name = Debug;
		};
		97D6554A20FF09DE0085DF71 /* Release */ = {
			isa = XCBuildConfiguration;
			buildSettings = {
				ALWAYS_SEARCH_USER_PATHS = NO;
				CLANG_ANALYZER_NONNULL = YES;
				CLANG_ANALYZER_NUMBER_OBJECT_CONVERSION = YES_AGGRESSIVE;
				CLANG_CXX_LANGUAGE_STANDARD = "gnu++14";
				CLANG_CXX_LIBRARY = "libc++";
				CLANG_ENABLE_MODULES = YES;
				CLANG_ENABLE_OBJC_ARC = YES;
				CLANG_ENABLE_OBJC_WEAK = YES;
				CLANG_WARN_BLOCK_CAPTURE_AUTORELEASING = YES;
				CLANG_WARN_BOOL_CONVERSION = YES;
				CLANG_WARN_COMMA = YES;
				CLANG_WARN_CONSTANT_CONVERSION = YES;
				CLANG_WARN_DEPRECATED_OBJC_IMPLEMENTATIONS = YES;
				CLANG_WARN_DIRECT_OBJC_ISA_USAGE = YES_ERROR;
				CLANG_WARN_DOCUMENTATION_COMMENTS = YES;
				CLANG_WARN_EMPTY_BODY = YES;
				CLANG_WARN_ENUM_CONVERSION = YES;
				CLANG_WARN_INFINITE_RECURSION = YES;
				CLANG_WARN_INT_CONVERSION = YES;
				CLANG_WARN_NON_LITERAL_NULL_CONVERSION = YES;
				CLANG_WARN_OBJC_IMPLICIT_RETAIN_SELF = YES;
				CLANG_WARN_OBJC_LITERAL_CONVERSION = YES;
				CLANG_WARN_OBJC_ROOT_CLASS = YES_ERROR;
				CLANG_WARN_RANGE_LOOP_ANALYSIS = YES;
				CLANG_WARN_STRICT_PROTOTYPES = YES;
				CLANG_WARN_SUSPICIOUS_MOVE = YES;
				CLANG_WARN_UNGUARDED_AVAILABILITY = YES_AGGRESSIVE;
				CLANG_WARN_UNREACHABLE_CODE = YES;
				CLANG_WARN__DUPLICATE_METHOD_MATCH = YES;
				CODE_SIGN_IDENTITY = "iPhone Developer";
				COPY_PHASE_STRIP = NO;
				CURRENT_PROJECT_VERSION = 1;
				DEBUG_INFORMATION_FORMAT = "dwarf-with-dsym";
				ENABLE_NS_ASSERTIONS = NO;
				ENABLE_STRICT_OBJC_MSGSEND = YES;
				GCC_C_LANGUAGE_STANDARD = gnu11;
				GCC_NO_COMMON_BLOCKS = YES;
				GCC_WARN_64_TO_32_BIT_CONVERSION = YES;
				GCC_WARN_ABOUT_RETURN_TYPE = YES_ERROR;
				GCC_WARN_UNDECLARED_SELECTOR = YES;
				GCC_WARN_UNINITIALIZED_AUTOS = YES_AGGRESSIVE;
				GCC_WARN_UNUSED_FUNCTION = YES;
				GCC_WARN_UNUSED_VARIABLE = YES;
				IPHONEOS_DEPLOYMENT_TARGET = 11.4;
				MTL_ENABLE_DEBUG_INFO = NO;
				SDKROOT = iphoneos;
				SWIFT_COMPILATION_MODE = wholemodule;
				SWIFT_OPTIMIZATION_LEVEL = "-O";
				VALIDATE_PRODUCT = YES;
				VERSIONING_SYSTEM = "apple-generic";
				VERSION_INFO_PREFIX = "";
			};
			name = Release;
		};
		97D6554C20FF09DE0085DF71 /* Debug */ = {
			isa = XCBuildConfiguration;
			baseConfigurationReference = A4859C9C8B9AD39BEDA00FF0 /* Pods-AugustaFramework.debug.xcconfig */;
			buildSettings = {
				CLANG_ENABLE_MODULES = YES;
				CODE_SIGN_IDENTITY = "";
				CODE_SIGN_STYLE = Automatic;
				DEFINES_MODULE = YES;
				DYLIB_COMPATIBILITY_VERSION = 1;
				DYLIB_CURRENT_VERSION = 1;
				DYLIB_INSTALL_NAME_BASE = "@rpath";
				INFOPLIST_FILE = AugustaFramework/Info.plist;
				INSTALL_PATH = "$(LOCAL_LIBRARY_DIR)/Frameworks";
				LD_RUNPATH_SEARCH_PATHS = (
					"$(inherited)",
					"@executable_path/Frameworks",
					"@loader_path/Frameworks",
				);
				PRODUCT_BUNDLE_IDENTIFIER = com.augusta.AugustaFramework;
				PRODUCT_NAME = "$(TARGET_NAME:c99extidentifier)";
				SKIP_INSTALL = YES;
				SWIFT_OPTIMIZATION_LEVEL = "-Onone";
				SWIFT_VERSION = 4.0;
				TARGETED_DEVICE_FAMILY = "1,2";
			};
			name = Debug;
		};
		97D6554D20FF09DE0085DF71 /* Release */ = {
			isa = XCBuildConfiguration;
			baseConfigurationReference = 5931B6B4FA57C95220EAB06C /* Pods-AugustaFramework.release.xcconfig */;
			buildSettings = {
				CLANG_ENABLE_MODULES = YES;
				CODE_SIGN_IDENTITY = "";
				CODE_SIGN_STYLE = Automatic;
				DEFINES_MODULE = YES;
				DYLIB_COMPATIBILITY_VERSION = 1;
				DYLIB_CURRENT_VERSION = 1;
				DYLIB_INSTALL_NAME_BASE = "@rpath";
				INFOPLIST_FILE = AugustaFramework/Info.plist;
				INSTALL_PATH = "$(LOCAL_LIBRARY_DIR)/Frameworks";
				LD_RUNPATH_SEARCH_PATHS = (
					"$(inherited)",
					"@executable_path/Frameworks",
					"@loader_path/Frameworks",
				);
				PRODUCT_BUNDLE_IDENTIFIER = com.augusta.AugustaFramework;
				PRODUCT_NAME = "$(TARGET_NAME:c99extidentifier)";
				SKIP_INSTALL = YES;
				SWIFT_VERSION = 4.0;
				TARGETED_DEVICE_FAMILY = "1,2";
			};
			name = Release;
		};
/* End XCBuildConfiguration section */

/* Begin XCConfigurationList section */
		97D6553D20FF09DE0085DF71 /* Build configuration list for PBXProject "AugustaFramework" */ = {
			isa = XCConfigurationList;
			buildConfigurations = (
				97D6554920FF09DE0085DF71 /* Debug */,
				97D6554A20FF09DE0085DF71 /* Release */,
			);
			defaultConfigurationIsVisible = 0;
			defaultConfigurationName = Release;
		};
		97D6554B20FF09DE0085DF71 /* Build configuration list for PBXNativeTarget "AugustaFramework" */ = {
			isa = XCConfigurationList;
			buildConfigurations = (
				97D6554C20FF09DE0085DF71 /* Debug */,
				97D6554D20FF09DE0085DF71 /* Release */,
			);
			defaultConfigurationIsVisible = 0;
			defaultConfigurationName = Release;
		};
/* End XCConfigurationList section */
	};
	rootObject = 97D6553A20FF09DE0085DF71 /* Project object */;
}
